<?xml version="1.0" encoding="UTF-8"?>
<!DOCTYPE plist PUBLIC "-//Apple//DTD PLIST 1.0//EN" "http://www.apple.com/DTDs/PropertyList-1.0.dtd">
<plist version="1.0">
<dict>
	<key>archiveVersion</key>
	<string>1</string>
	<key>classes</key>
	<dict/>
	<key>objectVersion</key>
	<string>46</string>
	<key>objects</key>
	<dict>
		<key>07003AF81D02B99A0083AC5F</key>
		<dict>
			<key>fileEncoding</key>
			<string>4</string>
			<key>isa</key>
			<string>PBXFileReference</string>
			<key>lastKnownFileType</key>
			<string>sourcecode.swift</string>
			<key>name</key>
			<string>MessagesViewController.swift</string>
			<key>path</key>
			<string>Controller/MessagesViewController.swift</string>
			<key>sourceTree</key>
			<string>&lt;group&gt;</string>
		</dict>
		<key>07003AF91D02B99A0083AC5F</key>
		<dict>
			<key>fileRef</key>
			<string>07003AF81D02B99A0083AC5F</string>
			<key>isa</key>
			<string>PBXBuildFile</string>
		</dict>
		<key>070300BC1D1C6CDA000B2B57</key>
		<dict>
			<key>fileEncoding</key>
			<string>4</string>
			<key>isa</key>
			<string>PBXFileReference</string>
			<key>lastKnownFileType</key>
			<string>sourcecode.swift</string>
			<key>name</key>
			<string>PendingActivationViewController.swift</string>
			<key>path</key>
			<string>Controller/PendingActivationViewController.swift</string>
			<key>sourceTree</key>
			<string>&lt;group&gt;</string>
		</dict>
		<key>070300BD1D1C6CDA000B2B57</key>
		<dict>
			<key>fileRef</key>
			<string>070300BC1D1C6CDA000B2B57</string>
			<key>isa</key>
			<string>PBXBuildFile</string>
		</dict>
		<key>0705111F1D192F2C0051E684</key>
		<dict>
			<key>isa</key>
			<string>PBXFileReference</string>
			<key>lastKnownFileType</key>
			<string>wrapper.framework</string>
			<key>name</key>
			<string>CoreLocation.framework</string>
			<key>path</key>
			<string>System/Library/Frameworks/CoreLocation.framework</string>
			<key>sourceTree</key>
			<string>SDKROOT</string>
		</dict>
		<key>070511201D192F2C0051E684</key>
		<dict>
			<key>fileRef</key>
			<string>0705111F1D192F2C0051E684</string>
			<key>isa</key>
			<string>PBXBuildFile</string>
		</dict>
		<key>075EE16D1D1F39CC006E853F</key>
		<dict>
			<key>fileEncoding</key>
			<string>4</string>
			<key>isa</key>
			<string>PBXFileReference</string>
			<key>lastKnownFileType</key>
			<string>sourcecode.swift</string>
			<key>name</key>
			<string>MatchViewController.swift</string>
			<key>path</key>
			<string>Controller/MatchViewController.swift</string>
			<key>sourceTree</key>
			<string>&lt;group&gt;</string>
		</dict>
		<key>075EE16E1D1F39CC006E853F</key>
		<dict>
			<key>fileRef</key>
			<string>075EE16D1D1F39CC006E853F</string>
			<key>isa</key>
			<string>PBXBuildFile</string>
		</dict>
		<key>076638761CED0F0E001A8AE1</key>
		<dict>
			<key>children</key>
			<array>
				<string>076638811CED0F0E001A8AE1</string>
				<string>076638991CED0F0E001A8AE1</string>
				<string>076638A41CED0F0E001A8AE1</string>
				<string>076638801CED0F0E001A8AE1</string>
				<string>E084CCA085C8D0734714C798</string>
				<string>4DA1DA2C7ACE07FEB3EE6E42</string>
			</array>
			<key>isa</key>
			<string>PBXGroup</string>
			<key>sourceTree</key>
			<string>&lt;group&gt;</string>
		</dict>
		<key>076638771CED0F0E001A8AE1</key>
		<dict>
			<key>attributes</key>
			<dict>
				<key>LastSwiftUpdateCheck</key>
				<string>0730</string>
				<key>LastUpgradeCheck</key>
				<string>0800</string>
				<key>ORGANIZATIONNAME</key>
				<string>Pedja Jevtic</string>
				<key>TargetAttributes</key>
				<dict>
					<key>0766387E1CED0F0E001A8AE1</key>
					<dict>
						<key>CreatedOnToolsVersion</key>
						<string>7.3.1</string>
						<key>DevelopmentTeam</key>
						<string>3ZF6URM4HS</string>
						<key>LastSwiftMigration</key>
						<string>0800</string>
						<key>ProvisioningStyle</key>
						<string>Automatic</string>
					</dict>
					<key>076638951CED0F0E001A8AE1</key>
					<dict>
						<key>CreatedOnToolsVersion</key>
						<string>7.3.1</string>
						<key>LastSwiftMigration</key>
						<string>0800</string>
						<key>TestTargetID</key>
						<string>0766387E1CED0F0E001A8AE1</string>
					</dict>
					<key>076638A01CED0F0E001A8AE1</key>
					<dict>
						<key>CreatedOnToolsVersion</key>
						<string>7.3.1</string>
						<key>LastSwiftMigration</key>
						<string>0800</string>
						<key>ProvisioningStyle</key>
						<string>Automatic</string>
						<key>TestTargetID</key>
						<string>0766387E1CED0F0E001A8AE1</string>
					</dict>
				</dict>
			</dict>
			<key>buildConfigurationList</key>
			<string>0766387A1CED0F0E001A8AE1</string>
			<key>compatibilityVersion</key>
			<string>Xcode 3.2</string>
			<key>developmentRegion</key>
			<string>English</string>
			<key>hasScannedForEncodings</key>
			<string>0</string>
			<key>isa</key>
			<string>PBXProject</string>
			<key>knownRegions</key>
			<array>
				<string>en</string>
				<string>Base</string>
			</array>
			<key>mainGroup</key>
			<string>076638761CED0F0E001A8AE1</string>
			<key>productRefGroup</key>
			<string>076638801CED0F0E001A8AE1</string>
			<key>projectDirPath</key>
			<string></string>
			<key>projectReferences</key>
			<array/>
			<key>projectRoot</key>
			<string></string>
			<key>targets</key>
			<array>
				<string>0766387E1CED0F0E001A8AE1</string>
				<string>076638951CED0F0E001A8AE1</string>
				<string>076638A01CED0F0E001A8AE1</string>
			</array>
		</dict>
		<key>0766387A1CED0F0E001A8AE1</key>
		<dict>
			<key>buildConfigurations</key>
			<array>
				<string>076638A81CED0F0E001A8AE1</string>
				<string>076638A91CED0F0E001A8AE1</string>
			</array>
			<key>defaultConfigurationIsVisible</key>
			<string>0</string>
			<key>defaultConfigurationName</key>
			<string>Release</string>
			<key>isa</key>
			<string>XCConfigurationList</string>
		</dict>
		<key>0766387B1CED0F0E001A8AE1</key>
		<dict>
			<key>buildActionMask</key>
			<string>2147483647</string>
			<key>files</key>
			<array>
				<string>076638851CED0F0E001A8AE1</string>
				<string>076D400F1CEE62BB00F63275</string>
				<string>07003AF91D02B99A0083AC5F</string>
				<string>07B8BEFF1CFAF48300BF2E58</string>
				<string>07B8BEF81CFA55D300BF2E58</string>
				<string>0776C9DA1D2402A800F76BA0</string>
				<string>076638831CED0F0E001A8AE1</string>
				<string>07F7115E1D04D0500099D342</string>
				<string>07FE8F171CF9CDD70029DE52</string>
				<string>07B8BF011CFAF4BE00BF2E58</string>
				<string>0766388B1CED0F0E001A8AE1</string>
				<string>07B8BEFC1CFA85F100BF2E58</string>
				<string>07F7115A1D04D03E0099D342</string>
				<string>07B8BEFA1CFA780600BF2E58</string>
				<string>079FECC01CF766BC00293141</string>
				<string>07E05CA41CF296A900B4AF28</string>
				<string>07F7115D1D04D0500099D342</string>
				<string>07BBCCB41D09AB6700E1D7B4</string>
				<string>07F711601D04D0FB0099D342</string>
				<string>075EE16E1D1F39CC006E853F</string>
				<string>07B4E8B21D11BC13007A5981</string>
				<string>070300BD1D1C6CDA000B2B57</string>
				<string>07F3F20E1D06B958005F1BDE</string>
			</array>
			<key>isa</key>
			<string>PBXSourcesBuildPhase</string>
			<key>runOnlyForDeploymentPostprocessing</key>
			<string>0</string>
		</dict>
		<key>0766387C1CED0F0E001A8AE1</key>
		<dict>
			<key>buildActionMask</key>
			<string>2147483647</string>
			<key>files</key>
			<array>
				<string>070511201D192F2C0051E684</string>
				<string>079FECC21CF768A400293141</string>
				<string>076D40111CEE62FF00F63275</string>
				<string>07E05CA01CF27AA900B4AF28</string>
				<string>07E05CA21CF27AA900B4AF28</string>
				<string>07E05CA11CF27AA900B4AF28</string>
				<string>83ECCAB7B4CEFF2162DA2B11</string>
				<string>7D4E9194B79DC4B44FDB928B</string>
			</array>
			<key>isa</key>
			<string>PBXFrameworksBuildPhase</string>
			<key>runOnlyForDeploymentPostprocessing</key>
			<string>0</string>
		</dict>
		<key>0766387D1CED0F0E001A8AE1</key>
		<dict>
			<key>buildActionMask</key>
			<string>2147483647</string>
			<key>files</key>
			<array>
				<string>076638901CED0F0E001A8AE1</string>
				<string>0766388D1CED0F0E001A8AE1</string>
				<string>076D400D1CEE626000F63275</string>
				<string>076638881CED0F0E001A8AE1</string>
				<string>076D400B1CEE626000F63275</string>
				<string>076D400A1CEE626000F63275</string>
				<string>076D400C1CEE626000F63275</string>
			</array>
			<key>isa</key>
			<string>PBXResourcesBuildPhase</string>
			<key>runOnlyForDeploymentPostprocessing</key>
			<string>0</string>
		</dict>
		<key>0766387E1CED0F0E001A8AE1</key>
		<dict>
			<key>buildConfigurationList</key>
			<string>076638AA1CED0F0E001A8AE1</string>
			<key>buildPhases</key>
			<array>
				<string>B3BD475DE59B6AAB590A6314</string>
				<string>0766387B1CED0F0E001A8AE1</string>
				<string>0766387C1CED0F0E001A8AE1</string>
				<string>0766387D1CED0F0E001A8AE1</string>
				<string>FEC2AF560304B9BE12BA5AA6</string>
				<string>30C0D419A7077A338E423616</string>
				<string>07E05CA51CF33B0800B4AF28</string>
				<string>07F711611D05D7EE0099D342</string>
				<string>61DFE5F3E34A852C4E29578F</string>
			</array>
			<key>buildRules</key>
			<array/>
			<key>dependencies</key>
			<array/>
			<key>isa</key>
			<string>PBXNativeTarget</string>
			<key>name</key>
			<string>NocimaApp</string>
			<key>productName</key>
			<string>NocimaApp</string>
			<key>productReference</key>
			<string>0766387F1CED0F0E001A8AE1</string>
			<key>productType</key>
			<string>com.apple.product-type.application</string>
		</dict>
		<key>0766387F1CED0F0E001A8AE1</key>
		<dict>
			<key>explicitFileType</key>
			<string>wrapper.application</string>
			<key>includeInIndex</key>
			<string>0</string>
			<key>isa</key>
			<string>PBXFileReference</string>
			<key>path</key>
			<string>NocimaApp.app</string>
			<key>sourceTree</key>
			<string>BUILT_PRODUCTS_DIR</string>
		</dict>
		<key>076638801CED0F0E001A8AE1</key>
		<dict>
			<key>children</key>
			<array>
				<string>0766387F1CED0F0E001A8AE1</string>
				<string>076638961CED0F0E001A8AE1</string>
				<string>076638A11CED0F0E001A8AE1</string>
			</array>
			<key>isa</key>
			<string>PBXGroup</string>
			<key>name</key>
			<string>Products</string>
			<key>sourceTree</key>
			<string>&lt;group&gt;</string>
		</dict>
		<key>076638811CED0F0E001A8AE1</key>
		<dict>
			<key>children</key>
			<array>
				<string>07BBCCB21D09AB4500E1D7B4</string>
				<string>07F3F20C1D06B940005F1BDE</string>
				<string>07B8BEF61CFA55B000BF2E58</string>
				<string>076D40041CEE622100F63275</string>
				<string>076638B31CED1021001A8AE1</string>
				<string>076638821CED0F0E001A8AE1</string>
				<string>076638841CED0F0E001A8AE1</string>
				<string>076638861CED0F0E001A8AE1</string>
				<string>0766388C1CED0F0E001A8AE1</string>
				<string>0766388E1CED0F0E001A8AE1</string>
				<string>076638911CED0F0E001A8AE1</string>
				<string>076638891CED0F0E001A8AE1</string>
			</array>
			<key>isa</key>
			<string>PBXGroup</string>
			<key>path</key>
			<string>NocimaApp</string>
			<key>sourceTree</key>
			<string>&lt;group&gt;</string>
		</dict>
		<key>076638821CED0F0E001A8AE1</key>
		<dict>
			<key>isa</key>
			<string>PBXFileReference</string>
			<key>lastKnownFileType</key>
			<string>sourcecode.swift</string>
			<key>path</key>
			<string>AppDelegate.swift</string>
			<key>sourceTree</key>
			<string>&lt;group&gt;</string>
		</dict>
		<key>076638831CED0F0E001A8AE1</key>
		<dict>
			<key>fileRef</key>
			<string>076638821CED0F0E001A8AE1</string>
			<key>isa</key>
			<string>PBXBuildFile</string>
		</dict>
		<key>076638841CED0F0E001A8AE1</key>
		<dict>
			<key>isa</key>
			<string>PBXFileReference</string>
			<key>lastKnownFileType</key>
			<string>sourcecode.swift</string>
			<key>path</key>
			<string>ViewController.swift</string>
			<key>sourceTree</key>
			<string>&lt;group&gt;</string>
		</dict>
		<key>076638851CED0F0E001A8AE1</key>
		<dict>
			<key>fileRef</key>
			<string>076638841CED0F0E001A8AE1</string>
			<key>isa</key>
			<string>PBXBuildFile</string>
		</dict>
		<key>076638861CED0F0E001A8AE1</key>
		<dict>
			<key>children</key>
			<array>
				<string>076638871CED0F0E001A8AE1</string>
			</array>
			<key>isa</key>
			<string>PBXVariantGroup</string>
			<key>name</key>
			<string>Main.storyboard</string>
			<key>sourceTree</key>
			<string>&lt;group&gt;</string>
		</dict>
		<key>076638871CED0F0E001A8AE1</key>
		<dict>
			<key>isa</key>
			<string>PBXFileReference</string>
			<key>lastKnownFileType</key>
			<string>file.storyboard</string>
			<key>name</key>
			<string>Base</string>
			<key>path</key>
			<string>Base.lproj/Main.storyboard</string>
			<key>sourceTree</key>
			<string>&lt;group&gt;</string>
		</dict>
		<key>076638881CED0F0E001A8AE1</key>
		<dict>
			<key>fileRef</key>
			<string>076638861CED0F0E001A8AE1</string>
			<key>isa</key>
			<string>PBXBuildFile</string>
		</dict>
		<key>076638891CED0F0E001A8AE1</key>
		<dict>
			<key>children</key>
			<array>
				<string>0766388A1CED0F0E001A8AE1</string>
			</array>
			<key>currentVersion</key>
			<string>0766388A1CED0F0E001A8AE1</string>
			<key>isa</key>
			<string>XCVersionGroup</string>
			<key>path</key>
			<string>NocimaApp.xcdatamodeld</string>
			<key>sourceTree</key>
			<string>&lt;group&gt;</string>
			<key>versionGroupType</key>
			<string>wrapper.xcdatamodel</string>
		</dict>
		<key>0766388A1CED0F0E001A8AE1</key>
		<dict>
			<key>isa</key>
			<string>PBXFileReference</string>
			<key>lastKnownFileType</key>
			<string>wrapper.xcdatamodel</string>
			<key>path</key>
			<string>NocimaApp.xcdatamodel</string>
			<key>sourceTree</key>
			<string>&lt;group&gt;</string>
		</dict>
		<key>0766388B1CED0F0E001A8AE1</key>
		<dict>
			<key>fileRef</key>
			<string>076638891CED0F0E001A8AE1</string>
			<key>isa</key>
			<string>PBXBuildFile</string>
		</dict>
		<key>0766388C1CED0F0E001A8AE1</key>
		<dict>
			<key>isa</key>
			<string>PBXFileReference</string>
			<key>lastKnownFileType</key>
			<string>folder.assetcatalog</string>
			<key>path</key>
			<string>Assets.xcassets</string>
			<key>sourceTree</key>
			<string>&lt;group&gt;</string>
		</dict>
		<key>0766388D1CED0F0E001A8AE1</key>
		<dict>
			<key>fileRef</key>
			<string>0766388C1CED0F0E001A8AE1</string>
			<key>isa</key>
			<string>PBXBuildFile</string>
		</dict>
		<key>0766388E1CED0F0E001A8AE1</key>
		<dict>
			<key>children</key>
			<array>
				<string>0766388F1CED0F0E001A8AE1</string>
			</array>
			<key>isa</key>
			<string>PBXVariantGroup</string>
			<key>name</key>
			<string>LaunchScreen.storyboard</string>
			<key>sourceTree</key>
			<string>&lt;group&gt;</string>
		</dict>
		<key>0766388F1CED0F0E001A8AE1</key>
		<dict>
			<key>isa</key>
			<string>PBXFileReference</string>
			<key>lastKnownFileType</key>
			<string>file.storyboard</string>
			<key>name</key>
			<string>Base</string>
			<key>path</key>
			<string>Base.lproj/LaunchScreen.storyboard</string>
			<key>sourceTree</key>
			<string>&lt;group&gt;</string>
		</dict>
		<key>076638901CED0F0E001A8AE1</key>
		<dict>
			<key>fileRef</key>
			<string>0766388E1CED0F0E001A8AE1</string>
			<key>isa</key>
			<string>PBXBuildFile</string>
		</dict>
		<key>076638911CED0F0E001A8AE1</key>
		<dict>
			<key>isa</key>
			<string>PBXFileReference</string>
			<key>lastKnownFileType</key>
			<string>text.plist.xml</string>
			<key>path</key>
			<string>Info.plist</string>
			<key>sourceTree</key>
			<string>&lt;group&gt;</string>
		</dict>
		<key>076638921CED0F0E001A8AE1</key>
		<dict>
			<key>buildActionMask</key>
			<string>2147483647</string>
			<key>files</key>
			<array>
				<string>0766389B1CED0F0E001A8AE1</string>
			</array>
			<key>isa</key>
			<string>PBXSourcesBuildPhase</string>
			<key>runOnlyForDeploymentPostprocessing</key>
			<string>0</string>
		</dict>
		<key>076638931CED0F0E001A8AE1</key>
		<dict>
			<key>buildActionMask</key>
			<string>2147483647</string>
			<key>files</key>
			<array/>
			<key>isa</key>
			<string>PBXFrameworksBuildPhase</string>
			<key>runOnlyForDeploymentPostprocessing</key>
			<string>0</string>
		</dict>
		<key>076638941CED0F0E001A8AE1</key>
		<dict>
			<key>buildActionMask</key>
			<string>2147483647</string>
			<key>files</key>
			<array/>
			<key>isa</key>
			<string>PBXResourcesBuildPhase</string>
			<key>runOnlyForDeploymentPostprocessing</key>
			<string>0</string>
		</dict>
		<key>076638951CED0F0E001A8AE1</key>
		<dict>
			<key>buildConfigurationList</key>
			<string>076638AD1CED0F0E001A8AE1</string>
			<key>buildPhases</key>
			<array>
				<string>076638921CED0F0E001A8AE1</string>
				<string>076638931CED0F0E001A8AE1</string>
				<string>076638941CED0F0E001A8AE1</string>
			</array>
			<key>buildRules</key>
			<array/>
			<key>dependencies</key>
			<array>
				<string>076638981CED0F0E001A8AE1</string>
			</array>
			<key>isa</key>
			<string>PBXNativeTarget</string>
			<key>name</key>
			<string>NocimaAppTests</string>
			<key>productName</key>
			<string>NocimaAppTests</string>
			<key>productReference</key>
			<string>076638961CED0F0E001A8AE1</string>
			<key>productType</key>
			<string>com.apple.product-type.bundle.unit-test</string>
		</dict>
		<key>076638961CED0F0E001A8AE1</key>
		<dict>
			<key>explicitFileType</key>
			<string>wrapper.cfbundle</string>
			<key>includeInIndex</key>
			<string>0</string>
			<key>isa</key>
			<string>PBXFileReference</string>
			<key>path</key>
			<string>NocimaAppTests.xctest</string>
			<key>sourceTree</key>
			<string>BUILT_PRODUCTS_DIR</string>
		</dict>
		<key>076638971CED0F0E001A8AE1</key>
		<dict>
			<key>containerPortal</key>
			<string>076638771CED0F0E001A8AE1</string>
			<key>isa</key>
			<string>PBXContainerItemProxy</string>
			<key>proxyType</key>
			<string>1</string>
			<key>remoteGlobalIDString</key>
			<string>0766387E1CED0F0E001A8AE1</string>
			<key>remoteInfo</key>
			<string>NocimaApp</string>
		</dict>
		<key>076638981CED0F0E001A8AE1</key>
		<dict>
			<key>isa</key>
			<string>PBXTargetDependency</string>
			<key>target</key>
			<string>0766387E1CED0F0E001A8AE1</string>
			<key>targetProxy</key>
			<string>076638971CED0F0E001A8AE1</string>
		</dict>
		<key>076638991CED0F0E001A8AE1</key>
		<dict>
			<key>children</key>
			<array>
				<string>0766389A1CED0F0E001A8AE1</string>
				<string>0766389C1CED0F0E001A8AE1</string>
			</array>
			<key>isa</key>
			<string>PBXGroup</string>
			<key>path</key>
			<string>NocimaAppTests</string>
			<key>sourceTree</key>
			<string>&lt;group&gt;</string>
		</dict>
		<key>0766389A1CED0F0E001A8AE1</key>
		<dict>
			<key>isa</key>
			<string>PBXFileReference</string>
			<key>lastKnownFileType</key>
			<string>sourcecode.swift</string>
			<key>path</key>
			<string>NocimaAppTests.swift</string>
			<key>sourceTree</key>
			<string>&lt;group&gt;</string>
		</dict>
		<key>0766389B1CED0F0E001A8AE1</key>
		<dict>
			<key>fileRef</key>
			<string>0766389A1CED0F0E001A8AE1</string>
			<key>isa</key>
			<string>PBXBuildFile</string>
		</dict>
		<key>0766389C1CED0F0E001A8AE1</key>
		<dict>
			<key>isa</key>
			<string>PBXFileReference</string>
			<key>lastKnownFileType</key>
			<string>text.plist.xml</string>
			<key>path</key>
			<string>Info.plist</string>
			<key>sourceTree</key>
			<string>&lt;group&gt;</string>
		</dict>
		<key>0766389D1CED0F0E001A8AE1</key>
		<dict>
			<key>buildActionMask</key>
			<string>2147483647</string>
			<key>files</key>
			<array>
				<string>076638A61CED0F0E001A8AE1</string>
			</array>
			<key>isa</key>
			<string>PBXSourcesBuildPhase</string>
			<key>runOnlyForDeploymentPostprocessing</key>
			<string>0</string>
		</dict>
		<key>0766389E1CED0F0E001A8AE1</key>
		<dict>
			<key>buildActionMask</key>
			<string>2147483647</string>
			<key>files</key>
			<array/>
			<key>isa</key>
			<string>PBXFrameworksBuildPhase</string>
			<key>runOnlyForDeploymentPostprocessing</key>
			<string>0</string>
		</dict>
		<key>0766389F1CED0F0E001A8AE1</key>
		<dict>
			<key>buildActionMask</key>
			<string>2147483647</string>
			<key>files</key>
			<array/>
			<key>isa</key>
			<string>PBXResourcesBuildPhase</string>
			<key>runOnlyForDeploymentPostprocessing</key>
			<string>0</string>
		</dict>
		<key>076638A01CED0F0E001A8AE1</key>
		<dict>
			<key>buildConfigurationList</key>
			<string>076638B01CED0F0E001A8AE1</string>
			<key>buildPhases</key>
			<array>
				<string>0766389D1CED0F0E001A8AE1</string>
				<string>0766389E1CED0F0E001A8AE1</string>
				<string>0766389F1CED0F0E001A8AE1</string>
			</array>
			<key>buildRules</key>
			<array/>
			<key>dependencies</key>
			<array>
				<string>076638A31CED0F0E001A8AE1</string>
			</array>
			<key>isa</key>
			<string>PBXNativeTarget</string>
			<key>name</key>
			<string>NocimaAppUITests</string>
			<key>productName</key>
			<string>NocimaAppUITests</string>
			<key>productReference</key>
			<string>076638A11CED0F0E001A8AE1</string>
			<key>productType</key>
			<string>com.apple.product-type.bundle.ui-testing</string>
		</dict>
		<key>076638A11CED0F0E001A8AE1</key>
		<dict>
			<key>explicitFileType</key>
			<string>wrapper.cfbundle</string>
			<key>includeInIndex</key>
			<string>0</string>
			<key>isa</key>
			<string>PBXFileReference</string>
			<key>path</key>
			<string>NocimaAppUITests.xctest</string>
			<key>sourceTree</key>
			<string>BUILT_PRODUCTS_DIR</string>
		</dict>
		<key>076638A21CED0F0E001A8AE1</key>
		<dict>
			<key>containerPortal</key>
			<string>076638771CED0F0E001A8AE1</string>
			<key>isa</key>
			<string>PBXContainerItemProxy</string>
			<key>proxyType</key>
			<string>1</string>
			<key>remoteGlobalIDString</key>
			<string>0766387E1CED0F0E001A8AE1</string>
			<key>remoteInfo</key>
			<string>NocimaApp</string>
		</dict>
		<key>076638A31CED0F0E001A8AE1</key>
		<dict>
			<key>isa</key>
			<string>PBXTargetDependency</string>
			<key>target</key>
			<string>0766387E1CED0F0E001A8AE1</string>
			<key>targetProxy</key>
			<string>076638A21CED0F0E001A8AE1</string>
		</dict>
		<key>076638A41CED0F0E001A8AE1</key>
		<dict>
			<key>children</key>
			<array>
				<string>076638A51CED0F0E001A8AE1</string>
				<string>076638A71CED0F0E001A8AE1</string>
			</array>
			<key>isa</key>
			<string>PBXGroup</string>
			<key>path</key>
			<string>NocimaAppUITests</string>
			<key>sourceTree</key>
			<string>&lt;group&gt;</string>
		</dict>
		<key>076638A51CED0F0E001A8AE1</key>
		<dict>
			<key>isa</key>
			<string>PBXFileReference</string>
			<key>lastKnownFileType</key>
			<string>sourcecode.swift</string>
			<key>path</key>
			<string>NocimaAppUITests.swift</string>
			<key>sourceTree</key>
			<string>&lt;group&gt;</string>
		</dict>
		<key>076638A61CED0F0E001A8AE1</key>
		<dict>
			<key>fileRef</key>
			<string>076638A51CED0F0E001A8AE1</string>
			<key>isa</key>
			<string>PBXBuildFile</string>
		</dict>
		<key>076638A71CED0F0E001A8AE1</key>
		<dict>
			<key>isa</key>
			<string>PBXFileReference</string>
			<key>lastKnownFileType</key>
			<string>text.plist.xml</string>
			<key>path</key>
			<string>Info.plist</string>
			<key>sourceTree</key>
			<string>&lt;group&gt;</string>
		</dict>
		<key>076638A81CED0F0E001A8AE1</key>
		<dict>
			<key>buildSettings</key>
			<dict>
				<key>ALWAYS_SEARCH_USER_PATHS</key>
				<string>NO</string>
				<key>CLANG_ANALYZER_NONNULL</key>
				<string>YES</string>
				<key>CLANG_CXX_LANGUAGE_STANDARD</key>
				<string>gnu++0x</string>
				<key>CLANG_CXX_LIBRARY</key>
				<string>libc++</string>
				<key>CLANG_ENABLE_MODULES</key>
				<string>YES</string>
				<key>CLANG_ENABLE_OBJC_ARC</key>
				<string>YES</string>
				<key>CLANG_WARN_BOOL_CONVERSION</key>
				<string>YES</string>
				<key>CLANG_WARN_CONSTANT_CONVERSION</key>
				<string>YES</string>
				<key>CLANG_WARN_DIRECT_OBJC_ISA_USAGE</key>
				<string>YES_ERROR</string>
				<key>CLANG_WARN_EMPTY_BODY</key>
				<string>YES</string>
				<key>CLANG_WARN_ENUM_CONVERSION</key>
				<string>YES</string>
				<key>CLANG_WARN_INT_CONVERSION</key>
				<string>YES</string>
				<key>CLANG_WARN_OBJC_ROOT_CLASS</key>
				<string>YES_ERROR</string>
				<key>CLANG_WARN_UNREACHABLE_CODE</key>
				<string>YES</string>
				<key>CLANG_WARN__DUPLICATE_METHOD_MATCH</key>
				<string>YES</string>
				<key>CODE_SIGN_IDENTITY[sdk=iphoneos*]</key>
				<string>iPhone Developer</string>
				<key>COPY_PHASE_STRIP</key>
				<string>NO</string>
				<key>DEBUG_INFORMATION_FORMAT</key>
				<string>dwarf</string>
				<key>ENABLE_STRICT_OBJC_MSGSEND</key>
				<string>YES</string>
				<key>ENABLE_TESTABILITY</key>
				<string>YES</string>
				<key>GCC_C_LANGUAGE_STANDARD</key>
				<string>gnu99</string>
				<key>GCC_DYNAMIC_NO_PIC</key>
				<string>NO</string>
				<key>GCC_NO_COMMON_BLOCKS</key>
				<string>YES</string>
				<key>GCC_OPTIMIZATION_LEVEL</key>
				<string>0</string>
				<key>GCC_PREPROCESSOR_DEFINITIONS</key>
				<array>
					<string>DEBUG=1</string>
					<string>$(inherited)</string>
				</array>
				<key>GCC_WARN_64_TO_32_BIT_CONVERSION</key>
				<string>YES</string>
				<key>GCC_WARN_ABOUT_RETURN_TYPE</key>
				<string>YES_ERROR</string>
				<key>GCC_WARN_UNDECLARED_SELECTOR</key>
				<string>YES</string>
				<key>GCC_WARN_UNINITIALIZED_AUTOS</key>
				<string>YES_AGGRESSIVE</string>
				<key>GCC_WARN_UNUSED_FUNCTION</key>
				<string>YES</string>
				<key>GCC_WARN_UNUSED_VARIABLE</key>
				<string>YES</string>
				<key>IPHONEOS_DEPLOYMENT_TARGET</key>
				<string>8.0</string>
				<key>MTL_ENABLE_DEBUG_INFO</key>
				<string>YES</string>
				<key>ONLY_ACTIVE_ARCH</key>
				<string>YES</string>
				<key>SDKROOT</key>
				<string>iphoneos</string>
				<key>SWIFT_OPTIMIZATION_LEVEL</key>
				<string>-Onone</string>
			</dict>
			<key>isa</key>
			<string>XCBuildConfiguration</string>
			<key>name</key>
			<string>Debug</string>
		</dict>
		<key>076638A91CED0F0E001A8AE1</key>
		<dict>
			<key>buildSettings</key>
			<dict>
				<key>ALWAYS_SEARCH_USER_PATHS</key>
				<string>NO</string>
				<key>CLANG_ANALYZER_NONNULL</key>
				<string>YES</string>
				<key>CLANG_CXX_LANGUAGE_STANDARD</key>
				<string>gnu++0x</string>
				<key>CLANG_CXX_LIBRARY</key>
				<string>libc++</string>
				<key>CLANG_ENABLE_MODULES</key>
				<string>YES</string>
				<key>CLANG_ENABLE_OBJC_ARC</key>
				<string>YES</string>
				<key>CLANG_WARN_BOOL_CONVERSION</key>
				<string>YES</string>
				<key>CLANG_WARN_CONSTANT_CONVERSION</key>
				<string>YES</string>
				<key>CLANG_WARN_DIRECT_OBJC_ISA_USAGE</key>
				<string>YES_ERROR</string>
				<key>CLANG_WARN_EMPTY_BODY</key>
				<string>YES</string>
				<key>CLANG_WARN_ENUM_CONVERSION</key>
				<string>YES</string>
				<key>CLANG_WARN_INT_CONVERSION</key>
				<string>YES</string>
				<key>CLANG_WARN_OBJC_ROOT_CLASS</key>
				<string>YES_ERROR</string>
				<key>CLANG_WARN_UNREACHABLE_CODE</key>
				<string>YES</string>
				<key>CLANG_WARN__DUPLICATE_METHOD_MATCH</key>
				<string>YES</string>
				<key>CODE_SIGN_IDENTITY[sdk=iphoneos*]</key>
				<string>iPhone Developer: Predrag Jevtic (T2SVJB826P)</string>
				<key>COPY_PHASE_STRIP</key>
				<string>NO</string>
				<key>DEBUG_INFORMATION_FORMAT</key>
				<string>dwarf-with-dsym</string>
				<key>ENABLE_NS_ASSERTIONS</key>
				<string>NO</string>
				<key>ENABLE_STRICT_OBJC_MSGSEND</key>
				<string>YES</string>
				<key>GCC_C_LANGUAGE_STANDARD</key>
				<string>gnu99</string>
				<key>GCC_NO_COMMON_BLOCKS</key>
				<string>YES</string>
				<key>GCC_WARN_64_TO_32_BIT_CONVERSION</key>
				<string>YES</string>
				<key>GCC_WARN_ABOUT_RETURN_TYPE</key>
				<string>YES_ERROR</string>
				<key>GCC_WARN_UNDECLARED_SELECTOR</key>
				<string>YES</string>
				<key>GCC_WARN_UNINITIALIZED_AUTOS</key>
				<string>YES_AGGRESSIVE</string>
				<key>GCC_WARN_UNUSED_FUNCTION</key>
				<string>YES</string>
				<key>GCC_WARN_UNUSED_VARIABLE</key>
				<string>YES</string>
				<key>IPHONEOS_DEPLOYMENT_TARGET</key>
				<string>8.0</string>
				<key>MTL_ENABLE_DEBUG_INFO</key>
				<string>NO</string>
				<key>SDKROOT</key>
				<string>iphoneos</string>
				<key>VALIDATE_PRODUCT</key>
				<string>YES</string>
			</dict>
			<key>isa</key>
			<string>XCBuildConfiguration</string>
			<key>name</key>
			<string>Release</string>
		</dict>
		<key>076638AA1CED0F0E001A8AE1</key>
		<dict>
			<key>buildConfigurations</key>
			<array>
				<string>076638AB1CED0F0E001A8AE1</string>
				<string>076638AC1CED0F0E001A8AE1</string>
			</array>
			<key>defaultConfigurationIsVisible</key>
			<string>0</string>
			<key>defaultConfigurationName</key>
			<string>Release</string>
			<key>isa</key>
			<string>XCConfigurationList</string>
		</dict>
		<key>076638AB1CED0F0E001A8AE1</key>
		<dict>
			<key>baseConfigurationReference</key>
			<string>AB99AA346DFD057749370FA3</string>
			<key>buildSettings</key>
			<dict>
				<key>ALWAYS_EMBED_SWIFT_STANDARD_LIBRARIES</key>
				<string>YES</string>
				<key>ASSETCATALOG_COMPILER_APPICON_NAME</key>
				<string>AppIcon</string>
				<key>CLANG_ALLOW_NON_MODULAR_INCLUDES_IN_FRAMEWORK_MODULES</key>
				<string>YES</string>
				<key>CLANG_ENABLE_MODULES</key>
				<string>YES</string>
				<key>CODE_SIGN_IDENTITY</key>
				<string>iPhone Developer</string>
				<key>CODE_SIGN_IDENTITY[sdk=iphoneos*]</key>
				<string>iPhone Developer</string>
				<key>DEBUG_INFORMATION_FORMAT</key>
				<string>dwarf-with-dsym</string>
				<key>FRAMEWORK_SEARCH_PATHS</key>
				<array>
					<string>$(inherited)</string>
					<string>$(PROJECT_DIR)/Frameworks</string>
				</array>
				<key>INFOPLIST_FILE</key>
				<string>NocimaApp/Info.plist</string>
				<key>IPHONEOS_DEPLOYMENT_TARGET</key>
				<string>8.0</string>
				<key>LD_RUNPATH_SEARCH_PATHS</key>
				<string>$(inherited) @executable_path/Frameworks</string>
				<key>OTHER_SWIFT_FLAGS</key>
				<string>$(inherited) "-D" "COCOAPODS" -Xfrontend -debug-time-function-bodies</string>
				<key>PRODUCT_BUNDLE_IDENTIFIER</key>
				<string>com.nocima.nocima</string>
				<key>PRODUCT_NAME</key>
				<string>$(TARGET_NAME)</string>
				<key>PROVISIONING_PROFILE</key>
				<string></string>
				<key>SWIFT_VERSION</key>
				<string>2.3</string>
				<key>VERSIONING_SYSTEM</key>
				<string></string>
			</dict>
			<key>isa</key>
			<string>XCBuildConfiguration</string>
			<key>name</key>
			<string>Debug</string>
		</dict>
		<key>076638AC1CED0F0E001A8AE1</key>
		<dict>
			<key>baseConfigurationReference</key>
			<string>AEEBDF8AF33174B92B4556E6</string>
			<key>buildSettings</key>
			<dict>
				<key>ALWAYS_EMBED_SWIFT_STANDARD_LIBRARIES</key>
				<string>YES</string>
				<key>ASSETCATALOG_COMPILER_APPICON_NAME</key>
				<string>AppIcon</string>
				<key>CLANG_ALLOW_NON_MODULAR_INCLUDES_IN_FRAMEWORK_MODULES</key>
				<string>YES</string>
				<key>CLANG_ENABLE_MODULES</key>
				<string>YES</string>
				<key>CODE_SIGN_IDENTITY</key>
				<string></string>
				<key>CODE_SIGN_IDENTITY[sdk=iphoneos*]</key>
				<string>iPhone Distribution</string>
				<key>FRAMEWORK_SEARCH_PATHS</key>
				<array>
					<string>$(inherited)</string>
					<string>$(PROJECT_DIR)/Frameworks</string>
				</array>
				<key>INFOPLIST_FILE</key>
				<string>NocimaApp/Info.plist</string>
				<key>IPHONEOS_DEPLOYMENT_TARGET</key>
				<string>8.0</string>
				<key>LD_RUNPATH_SEARCH_PATHS</key>
				<string>$(inherited) @executable_path/Frameworks</string>
				<key>PRODUCT_BUNDLE_IDENTIFIER</key>
				<string>com.nocima.nocima</string>
				<key>PRODUCT_NAME</key>
				<string>$(TARGET_NAME)</string>
				<key>PROVISIONING_PROFILE</key>
				<string></string>
				<key>PROVISIONING_PROFILE_SPECIFIER</key>
				<string></string>
				<key>SWIFT_OPTIMIZATION_LEVEL</key>
				<string>-Owholemodule</string>
				<key>SWIFT_VERSION</key>
				<string>2.3</string>
				<key>VERSIONING_SYSTEM</key>
				<string></string>
			</dict>
			<key>isa</key>
			<string>XCBuildConfiguration</string>
			<key>name</key>
			<string>Release</string>
		</dict>
		<key>076638AD1CED0F0E001A8AE1</key>
		<dict>
			<key>buildConfigurations</key>
			<array>
				<string>076638AE1CED0F0E001A8AE1</string>
				<string>076638AF1CED0F0E001A8AE1</string>
			</array>
			<key>defaultConfigurationIsVisible</key>
			<string>0</string>
			<key>defaultConfigurationName</key>
			<string>Release</string>
			<key>isa</key>
			<string>XCConfigurationList</string>
		</dict>
		<key>076638AE1CED0F0E001A8AE1</key>
		<dict>
			<key>buildSettings</key>
			<dict>
				<key>BUNDLE_LOADER</key>
				<string>$(TEST_HOST)</string>
				<key>INFOPLIST_FILE</key>
				<string>NocimaAppTests/Info.plist</string>
				<key>LD_RUNPATH_SEARCH_PATHS</key>
				<string>$(inherited) @executable_path/Frameworks @loader_path/Frameworks</string>
				<key>PRODUCT_BUNDLE_IDENTIFIER</key>
				<string>net.designbyheart.NocimaAppTests</string>
				<key>PRODUCT_NAME</key>
				<string>$(TARGET_NAME)</string>
				<key>PROVISIONING_PROFILE_SPECIFIER</key>
				<string>43E5B5CSA6/</string>
				<key>SWIFT_VERSION</key>
				<string>3.0</string>
				<key>TEST_HOST</key>
				<string>$(BUILT_PRODUCTS_DIR)/NocimaApp.app/NocimaApp</string>
			</dict>
			<key>isa</key>
			<string>XCBuildConfiguration</string>
			<key>name</key>
			<string>Debug</string>
		</dict>
		<key>076638AF1CED0F0E001A8AE1</key>
		<dict>
			<key>buildSettings</key>
			<dict>
				<key>BUNDLE_LOADER</key>
				<string>$(TEST_HOST)</string>
				<key>INFOPLIST_FILE</key>
				<string>NocimaAppTests/Info.plist</string>
				<key>LD_RUNPATH_SEARCH_PATHS</key>
				<string>$(inherited) @executable_path/Frameworks @loader_path/Frameworks</string>
				<key>PRODUCT_BUNDLE_IDENTIFIER</key>
				<string>net.designbyheart.NocimaAppTests</string>
				<key>PRODUCT_NAME</key>
				<string>$(TARGET_NAME)</string>
				<key>SWIFT_OPTIMIZATION_LEVEL</key>
				<string>-Owholemodule</string>
				<key>SWIFT_VERSION</key>
				<string>3.0</string>
				<key>TEST_HOST</key>
				<string>$(BUILT_PRODUCTS_DIR)/NocimaApp.app/NocimaApp</string>
			</dict>
			<key>isa</key>
			<string>XCBuildConfiguration</string>
			<key>name</key>
			<string>Release</string>
		</dict>
		<key>076638B01CED0F0E001A8AE1</key>
		<dict>
			<key>buildConfigurations</key>
			<array>
				<string>076638B11CED0F0E001A8AE1</string>
				<string>076638B21CED0F0E001A8AE1</string>
			</array>
			<key>defaultConfigurationIsVisible</key>
			<string>0</string>
			<key>defaultConfigurationName</key>
			<string>Release</string>
			<key>isa</key>
			<string>XCConfigurationList</string>
		</dict>
		<key>076638B11CED0F0E001A8AE1</key>
		<dict>
			<key>buildSettings</key>
			<dict>
				<key>CODE_SIGN_IDENTITY[sdk=iphoneos*]</key>
				<string>iPhone Developer</string>
				<key>INFOPLIST_FILE</key>
				<string>NocimaAppUITests/Info.plist</string>
				<key>LD_RUNPATH_SEARCH_PATHS</key>
				<string>$(inherited) @executable_path/Frameworks @loader_path/Frameworks</string>
				<key>OTHER_LDFLAGS</key>
				<string>-ObjC</string>
				<key>PRODUCT_BUNDLE_IDENTIFIER</key>
				<string>net.designbyheart.NocimaAppUITests</string>
				<key>PRODUCT_NAME</key>
				<string>$(TARGET_NAME)</string>
				<key>SWIFT_VERSION</key>
				<string>3.0</string>
				<key>TEST_TARGET_NAME</key>
				<string>NocimaApp</string>
			</dict>
			<key>isa</key>
			<string>XCBuildConfiguration</string>
			<key>name</key>
			<string>Debug</string>
		</dict>
		<key>076638B21CED0F0E001A8AE1</key>
		<dict>
			<key>buildSettings</key>
			<dict>
				<key>CODE_SIGN_IDENTITY[sdk=iphoneos*]</key>
				<string>iPhone Distribution</string>
				<key>INFOPLIST_FILE</key>
				<string>NocimaAppUITests/Info.plist</string>
				<key>LD_RUNPATH_SEARCH_PATHS</key>
				<string>$(inherited) @executable_path/Frameworks @loader_path/Frameworks</string>
				<key>OTHER_LDFLAGS</key>
				<string>-ObjC</string>
				<key>PRODUCT_BUNDLE_IDENTIFIER</key>
				<string>net.designbyheart.NocimaAppUITests</string>
				<key>PRODUCT_NAME</key>
				<string>$(TARGET_NAME)</string>
				<key>SWIFT_OPTIMIZATION_LEVEL</key>
				<string>-Owholemodule</string>
				<key>SWIFT_VERSION</key>
				<string>3.0</string>
				<key>TEST_TARGET_NAME</key>
				<string>NocimaApp</string>
			</dict>
			<key>isa</key>
			<string>XCBuildConfiguration</string>
			<key>name</key>
			<string>Release</string>
		</dict>
		<key>076638B31CED1021001A8AE1</key>
		<dict>
			<key>children</key>
			<array>
				<string>076D400E1CEE62BB00F63275</string>
				<string>07E05CA31CF296A900B4AF28</string>
				<string>079FECBF1CF766BC00293141</string>
				<string>07FE8F161CF9CDD70029DE52</string>
				<string>07B8BEF91CFA780600BF2E58</string>
				<string>07B8BEFE1CFAF48300BF2E58</string>
				<string>07B8BF001CFAF4BE00BF2E58</string>
				<string>07003AF81D02B99A0083AC5F</string>
				<string>07B4E8B11D11BC13007A5981</string>
				<string>070300BC1D1C6CDA000B2B57</string>
				<string>075EE16D1D1F39CC006E853F</string>
				<string>0776C9D91D2402A800F76BA0</string>
			</array>
			<key>isa</key>
			<string>PBXGroup</string>
			<key>name</key>
			<string>Controllers</string>
			<key>sourceTree</key>
			<string>&lt;group&gt;</string>
		</dict>
		<key>076D40041CEE622100F63275</key>
		<dict>
			<key>children</key>
			<array>
				<string>07F711581D04D01E0099D342</string>
				<string>076D40051CEE624C00F63275</string>
			</array>
			<key>isa</key>
			<string>PBXGroup</string>
			<key>name</key>
			<string>Resources</string>
			<key>sourceTree</key>
			<string>&lt;group&gt;</string>
		</dict>
		<key>076D40051CEE624C00F63275</key>
		<dict>
			<key>children</key>
			<array>
				<string>076D40061CEE626000F63275</string>
				<string>076D40071CEE626000F63275</string>
				<string>076D40081CEE626000F63275</string>
				<string>076D40091CEE626000F63275</string>
			</array>
			<key>isa</key>
			<string>PBXGroup</string>
			<key>name</key>
			<string>Fonts</string>
			<key>sourceTree</key>
			<string>&lt;group&gt;</string>
		</dict>
		<key>076D40061CEE626000F63275</key>
		<dict>
			<key>isa</key>
			<string>PBXFileReference</string>
			<key>lastKnownFileType</key>
			<string>file</string>
			<key>name</key>
			<string>SourceSansPro-Bold.ttf</string>
			<key>path</key>
			<string>Resources/Fonts/SourceSansPro-Bold.ttf</string>
			<key>sourceTree</key>
			<string>&lt;group&gt;</string>
		</dict>
		<key>076D40071CEE626000F63275</key>
		<dict>
			<key>isa</key>
			<string>PBXFileReference</string>
			<key>lastKnownFileType</key>
			<string>file</string>
			<key>name</key>
			<string>SourceSansPro-Light.ttf</string>
			<key>path</key>
			<string>Resources/Fonts/SourceSansPro-Light.ttf</string>
			<key>sourceTree</key>
			<string>&lt;group&gt;</string>
		</dict>
		<key>076D40081CEE626000F63275</key>
		<dict>
			<key>isa</key>
			<string>PBXFileReference</string>
			<key>lastKnownFileType</key>
			<string>file</string>
			<key>name</key>
			<string>SourceSansPro-Regular.ttf</string>
			<key>path</key>
			<string>Resources/Fonts/SourceSansPro-Regular.ttf</string>
			<key>sourceTree</key>
			<string>&lt;group&gt;</string>
		</dict>
		<key>076D40091CEE626000F63275</key>
		<dict>
			<key>isa</key>
			<string>PBXFileReference</string>
			<key>lastKnownFileType</key>
			<string>file</string>
			<key>name</key>
			<string>SourceSansPro-Semibold.ttf</string>
			<key>path</key>
			<string>Resources/Fonts/SourceSansPro-Semibold.ttf</string>
			<key>sourceTree</key>
			<string>&lt;group&gt;</string>
		</dict>
		<key>076D400A1CEE626000F63275</key>
		<dict>
			<key>fileRef</key>
			<string>076D40061CEE626000F63275</string>
			<key>isa</key>
			<string>PBXBuildFile</string>
		</dict>
		<key>076D400B1CEE626000F63275</key>
		<dict>
			<key>fileRef</key>
			<string>076D40071CEE626000F63275</string>
			<key>isa</key>
			<string>PBXBuildFile</string>
		</dict>
		<key>076D400C1CEE626000F63275</key>
		<dict>
			<key>fileRef</key>
			<string>076D40081CEE626000F63275</string>
			<key>isa</key>
			<string>PBXBuildFile</string>
		</dict>
		<key>076D400D1CEE626000F63275</key>
		<dict>
			<key>fileRef</key>
			<string>076D40091CEE626000F63275</string>
			<key>isa</key>
			<string>PBXBuildFile</string>
		</dict>
		<key>076D400E1CEE62BB00F63275</key>
		<dict>
			<key>fileEncoding</key>
			<string>4</string>
			<key>isa</key>
			<string>PBXFileReference</string>
			<key>lastKnownFileType</key>
			<string>sourcecode.swift</string>
			<key>name</key>
			<string>LoginViewController.swift</string>
			<key>path</key>
			<string>Controller/LoginViewController.swift</string>
			<key>sourceTree</key>
			<string>&lt;group&gt;</string>
		</dict>
		<key>076D400F1CEE62BB00F63275</key>
		<dict>
			<key>fileRef</key>
			<string>076D400E1CEE62BB00F63275</string>
			<key>isa</key>
			<string>PBXBuildFile</string>
		</dict>
		<key>076D40101CEE62FF00F63275</key>
		<dict>
			<key>isa</key>
			<string>PBXFileReference</string>
			<key>lastKnownFileType</key>
			<string>wrapper.framework</string>
			<key>name</key>
			<string>UIKit.framework</string>
			<key>path</key>
			<string>System/Library/Frameworks/UIKit.framework</string>
			<key>sourceTree</key>
			<string>SDKROOT</string>
		</dict>
		<key>076D40111CEE62FF00F63275</key>
		<dict>
			<key>fileRef</key>
			<string>076D40101CEE62FF00F63275</string>
			<key>isa</key>
			<string>PBXBuildFile</string>
		</dict>
		<key>0776C9D91D2402A800F76BA0</key>
		<dict>
			<key>fileEncoding</key>
			<string>4</string>
			<key>isa</key>
			<string>PBXFileReference</string>
			<key>lastKnownFileType</key>
			<string>sourcecode.swift</string>
			<key>name</key>
			<string>WelcomeViewController.swift</string>
			<key>path</key>
			<string>Controller/WelcomeViewController.swift</string>
			<key>sourceTree</key>
			<string>&lt;group&gt;</string>
		</dict>
		<key>0776C9DA1D2402A800F76BA0</key>
		<dict>
			<key>fileRef</key>
			<string>0776C9D91D2402A800F76BA0</string>
			<key>isa</key>
			<string>PBXBuildFile</string>
		</dict>
		<key>079FECBF1CF766BC00293141</key>
		<dict>
			<key>fileEncoding</key>
			<string>4</string>
			<key>isa</key>
			<string>PBXFileReference</string>
			<key>lastKnownFileType</key>
			<string>sourcecode.swift</string>
			<key>name</key>
			<string>LocationViewController.swift</string>
			<key>path</key>
			<string>Controller/LocationViewController.swift</string>
			<key>sourceTree</key>
			<string>&lt;group&gt;</string>
		</dict>
		<key>079FECC01CF766BC00293141</key>
		<dict>
			<key>fileRef</key>
			<string>079FECBF1CF766BC00293141</string>
			<key>isa</key>
			<string>PBXBuildFile</string>
		</dict>
		<key>079FECC11CF768A400293141</key>
		<dict>
			<key>isa</key>
			<string>PBXFileReference</string>
			<key>lastKnownFileType</key>
			<string>wrapper.framework</string>
			<key>name</key>
			<string>MapKit.framework</string>
			<key>path</key>
			<string>System/Library/Frameworks/MapKit.framework</string>
			<key>sourceTree</key>
			<string>SDKROOT</string>
		</dict>
		<key>079FECC21CF768A400293141</key>
		<dict>
			<key>fileRef</key>
			<string>079FECC11CF768A400293141</string>
			<key>isa</key>
			<string>PBXBuildFile</string>
		</dict>
		<key>07B4E8B11D11BC13007A5981</key>
		<dict>
			<key>fileEncoding</key>
			<string>4</string>
			<key>isa</key>
			<string>PBXFileReference</string>
			<key>lastKnownFileType</key>
			<string>sourcecode.swift</string>
			<key>name</key>
			<string>ChatViewController.swift</string>
			<key>path</key>
			<string>Controller/ChatViewController.swift</string>
			<key>sourceTree</key>
			<string>&lt;group&gt;</string>
		</dict>
		<key>07B4E8B21D11BC13007A5981</key>
		<dict>
			<key>fileRef</key>
			<string>07B4E8B11D11BC13007A5981</string>
			<key>isa</key>
			<string>PBXBuildFile</string>
		</dict>
		<key>07B8BEF61CFA55B000BF2E58</key>
		<dict>
			<key>children</key>
			<array>
				<string>07B8BEF71CFA55D300BF2E58</string>
				<string>07B8BEFD1CFA85F600BF2E58</string>
			</array>
			<key>isa</key>
			<string>PBXGroup</string>
			<key>name</key>
			<string>Components</string>
			<key>sourceTree</key>
			<string>&lt;group&gt;</string>
		</dict>
		<key>07B8BEF71CFA55D300BF2E58</key>
		<dict>
			<key>fileEncoding</key>
			<string>4</string>
			<key>isa</key>
			<string>PBXFileReference</string>
			<key>lastKnownFileType</key>
			<string>sourcecode.swift</string>
			<key>name</key>
			<string>NavigationView.swift</string>
			<key>path</key>
			<string>Components/NavigationView.swift</string>
			<key>sourceTree</key>
			<string>&lt;group&gt;</string>
		</dict>
		<key>07B8BEF81CFA55D300BF2E58</key>
		<dict>
			<key>fileRef</key>
			<string>07B8BEF71CFA55D300BF2E58</string>
			<key>isa</key>
			<string>PBXBuildFile</string>
		</dict>
		<key>07B8BEF91CFA780600BF2E58</key>
		<dict>
			<key>fileEncoding</key>
			<string>4</string>
			<key>isa</key>
			<string>PBXFileReference</string>
			<key>lastKnownFileType</key>
			<string>sourcecode.swift</string>
			<key>name</key>
			<string>MainViewController.swift</string>
			<key>path</key>
			<string>Controller/MainViewController.swift</string>
			<key>sourceTree</key>
			<string>&lt;group&gt;</string>
		</dict>
		<key>07B8BEFA1CFA780600BF2E58</key>
		<dict>
			<key>fileRef</key>
			<string>07B8BEF91CFA780600BF2E58</string>
			<key>isa</key>
			<string>PBXBuildFile</string>
		</dict>
		<key>07B8BEFB1CFA85F100BF2E58</key>
		<dict>
			<key>fileEncoding</key>
			<string>4</string>
			<key>isa</key>
			<string>PBXFileReference</string>
			<key>lastKnownFileType</key>
			<string>sourcecode.swift</string>
			<key>name</key>
			<string>MenuCell.swift</string>
			<key>path</key>
			<string>Components/cells/MenuCell.swift</string>
			<key>sourceTree</key>
			<string>&lt;group&gt;</string>
		</dict>
		<key>07B8BEFC1CFA85F100BF2E58</key>
		<dict>
			<key>fileRef</key>
			<string>07B8BEFB1CFA85F100BF2E58</string>
			<key>isa</key>
			<string>PBXBuildFile</string>
		</dict>
		<key>07B8BEFD1CFA85F600BF2E58</key>
		<dict>
			<key>children</key>
			<array>
				<string>07F7115F1D04D0FB0099D342</string>
				<string>07B8BEFB1CFA85F100BF2E58</string>
			</array>
			<key>isa</key>
			<string>PBXGroup</string>
			<key>name</key>
			<string>cells</string>
			<key>sourceTree</key>
			<string>&lt;group&gt;</string>
		</dict>
		<key>07B8BEFE1CFAF48300BF2E58</key>
		<dict>
			<key>fileEncoding</key>
			<string>4</string>
			<key>isa</key>
			<string>PBXFileReference</string>
			<key>lastKnownFileType</key>
			<string>sourcecode.swift</string>
			<key>name</key>
			<string>SettingsViewController.swift</string>
			<key>path</key>
			<string>Controller/SettingsViewController.swift</string>
			<key>sourceTree</key>
			<string>&lt;group&gt;</string>
		</dict>
		<key>07B8BEFF1CFAF48300BF2E58</key>
		<dict>
			<key>fileRef</key>
			<string>07B8BEFE1CFAF48300BF2E58</string>
			<key>isa</key>
			<string>PBXBuildFile</string>
		</dict>
		<key>07B8BF001CFAF4BE00BF2E58</key>
		<dict>
			<key>fileEncoding</key>
			<string>4</string>
			<key>isa</key>
			<string>PBXFileReference</string>
			<key>lastKnownFileType</key>
			<string>sourcecode.swift</string>
			<key>name</key>
			<string>MyProfileViewController.swift</string>
			<key>path</key>
			<string>Controller/MyProfileViewController.swift</string>
			<key>sourceTree</key>
			<string>&lt;group&gt;</string>
		</dict>
		<key>07B8BF011CFAF4BE00BF2E58</key>
		<dict>
			<key>fileRef</key>
			<string>07B8BF001CFAF4BE00BF2E58</string>
			<key>isa</key>
			<string>PBXBuildFile</string>
		</dict>
		<key>07BBCCB21D09AB4500E1D7B4</key>
		<dict>
			<key>children</key>
			<array>
				<string>07BBCCB31D09AB6700E1D7B4</string>
			</array>
			<key>isa</key>
			<string>PBXGroup</string>
			<key>name</key>
			<string>Helpers</string>
			<key>sourceTree</key>
			<string>&lt;group&gt;</string>
		</dict>
		<key>07BBCCB31D09AB6700E1D7B4</key>
		<dict>
			<key>fileEncoding</key>
			<string>4</string>
			<key>isa</key>
			<string>PBXFileReference</string>
			<key>lastKnownFileType</key>
			<string>sourcecode.swift</string>
			<key>name</key>
			<string>NotificationHelper.swift</string>
			<key>path</key>
			<string>Helpers/NotificationHelper.swift</string>
			<key>sourceTree</key>
			<string>&lt;group&gt;</string>
		</dict>
		<key>07BBCCB41D09AB6700E1D7B4</key>
		<dict>
			<key>fileRef</key>
			<string>07BBCCB31D09AB6700E1D7B4</string>
			<key>isa</key>
			<string>PBXBuildFile</string>
		</dict>
		<key>07E05C9D1CF27AA900B4AF28</key>
		<dict>
			<key>isa</key>
			<string>PBXFileReference</string>
			<key>lastKnownFileType</key>
			<string>wrapper.framework</string>
			<key>name</key>
			<string>FBSDKCoreKit.framework</string>
			<key>path</key>
			<string>Frameworks/FBSDKCoreKit.framework</string>
			<key>sourceTree</key>
			<string>&lt;group&gt;</string>
		</dict>
		<key>07E05C9E1CF27AA900B4AF28</key>
		<dict>
			<key>isa</key>
			<string>PBXFileReference</string>
			<key>lastKnownFileType</key>
			<string>wrapper.framework</string>
			<key>name</key>
			<string>FBSDKLoginKit.framework</string>
			<key>path</key>
			<string>Frameworks/FBSDKLoginKit.framework</string>
			<key>sourceTree</key>
			<string>&lt;group&gt;</string>
		</dict>
		<key>07E05C9F1CF27AA900B4AF28</key>
		<dict>
			<key>isa</key>
			<string>PBXFileReference</string>
			<key>lastKnownFileType</key>
			<string>wrapper.framework</string>
			<key>name</key>
			<string>FBSDKShareKit.framework</string>
			<key>path</key>
			<string>Frameworks/FBSDKShareKit.framework</string>
			<key>sourceTree</key>
			<string>&lt;group&gt;</string>
		</dict>
		<key>07E05CA01CF27AA900B4AF28</key>
		<dict>
			<key>fileRef</key>
			<string>07E05C9D1CF27AA900B4AF28</string>
			<key>isa</key>
			<string>PBXBuildFile</string>
		</dict>
		<key>07E05CA11CF27AA900B4AF28</key>
		<dict>
			<key>fileRef</key>
			<string>07E05C9E1CF27AA900B4AF28</string>
			<key>isa</key>
			<string>PBXBuildFile</string>
		</dict>
		<key>07E05CA21CF27AA900B4AF28</key>
		<dict>
			<key>fileRef</key>
			<string>07E05C9F1CF27AA900B4AF28</string>
			<key>isa</key>
			<string>PBXBuildFile</string>
		</dict>
		<key>07E05CA31CF296A900B4AF28</key>
		<dict>
			<key>fileEncoding</key>
			<string>4</string>
			<key>isa</key>
			<string>PBXFileReference</string>
			<key>lastKnownFileType</key>
			<string>sourcecode.swift</string>
			<key>name</key>
			<string>LikeViewController.swift</string>
			<key>path</key>
			<string>Controller/LikeViewController.swift</string>
			<key>sourceTree</key>
			<string>&lt;group&gt;</string>
		</dict>
		<key>07E05CA41CF296A900B4AF28</key>
		<dict>
			<key>fileRef</key>
			<string>07E05CA31CF296A900B4AF28</string>
			<key>isa</key>
			<string>PBXBuildFile</string>
		</dict>
		<key>07E05CA51CF33B0800B4AF28</key>
		<dict>
			<key>buildActionMask</key>
			<string>2147483647</string>
			<key>files</key>
			<array/>
			<key>inputPaths</key>
			<array/>
			<key>isa</key>
			<string>PBXShellScriptBuildPhase</string>
			<key>name</key>
			<string>Crashlytics</string>
			<key>outputPaths</key>
			<array/>
			<key>runOnlyForDeploymentPostprocessing</key>
			<string>0</string>
			<key>shellPath</key>
			<string>/bin/sh</string>
			<key>shellScript</key>
			<string>./Fabric.framework/run 92593381ff86078cfcda30d607ae90847a3f1725 368374a0110f81a93ffa0911ca623bb8bef15edca3d31d0ba188b5908f12684d</string>
		</dict>
		<key>07F3F20C1D06B940005F1BDE</key>
		<dict>
			<key>children</key>
			<array>
				<string>07F3F20D1D06B958005F1BDE</string>
			</array>
			<key>isa</key>
			<string>PBXGroup</string>
			<key>name</key>
			<string>API</string>
			<key>sourceTree</key>
			<string>&lt;group&gt;</string>
		</dict>
		<key>07F3F20D1D06B958005F1BDE</key>
		<dict>
			<key>fileEncoding</key>
			<string>4</string>
			<key>isa</key>
			<string>PBXFileReference</string>
			<key>lastKnownFileType</key>
			<string>sourcecode.swift</string>
			<key>name</key>
			<string>APIClient.swift</string>
			<key>path</key>
			<string>API/APIClient.swift</string>
			<key>sourceTree</key>
			<string>&lt;group&gt;</string>
		</dict>
		<key>07F3F20E1D06B958005F1BDE</key>
		<dict>
			<key>fileRef</key>
			<string>07F3F20D1D06B958005F1BDE</string>
			<key>isa</key>
			<string>PBXBuildFile</string>
		</dict>
		<key>07F711581D04D01E0099D342</key>
		<dict>
			<key>children</key>
			<array>
				<string>07F7115B1D04D0500099D342</string>
				<string>07F7115C1D04D0500099D342</string>
				<string>07F711591D04D03E0099D342</string>
			</array>
			<key>isa</key>
			<string>PBXGroup</string>
			<key>name</key>
			<string>CardController</string>
			<key>sourceTree</key>
			<string>&lt;group&gt;</string>
		</dict>
		<key>07F711591D04D03E0099D342</key>
		<dict>
			<key>fileEncoding</key>
			<string>4</string>
			<key>isa</key>
			<string>PBXFileReference</string>
			<key>lastKnownFileType</key>
			<string>sourcecode.swift</string>
			<key>name</key>
			<string>TisprCardStackViewLayout.swift</string>
			<key>path</key>
			<string>Resources/CardController/TisprCardStackViewLayout.swift</string>
			<key>sourceTree</key>
			<string>&lt;group&gt;</string>
		</dict>
		<key>07F7115A1D04D03E0099D342</key>
		<dict>
			<key>fileRef</key>
			<string>07F711591D04D03E0099D342</string>
			<key>isa</key>
			<string>PBXBuildFile</string>
		</dict>
		<key>07F7115B1D04D0500099D342</key>
		<dict>
			<key>fileEncoding</key>
			<string>4</string>
			<key>isa</key>
			<string>PBXFileReference</string>
			<key>lastKnownFileType</key>
			<string>sourcecode.swift</string>
			<key>name</key>
			<string>TisprCardStackViewCell.swift</string>
			<key>path</key>
			<string>Resources/CardController/TisprCardStackViewCell.swift</string>
			<key>sourceTree</key>
			<string>&lt;group&gt;</string>
		</dict>
		<key>07F7115C1D04D0500099D342</key>
		<dict>
			<key>fileEncoding</key>
			<string>4</string>
			<key>isa</key>
			<string>PBXFileReference</string>
			<key>lastKnownFileType</key>
			<string>sourcecode.swift</string>
			<key>name</key>
			<string>TisprCardStackViewController.swift</string>
			<key>path</key>
			<string>Resources/CardController/TisprCardStackViewController.swift</string>
			<key>sourceTree</key>
			<string>&lt;group&gt;</string>
		</dict>
		<key>07F7115D1D04D0500099D342</key>
		<dict>
			<key>fileRef</key>
			<string>07F7115B1D04D0500099D342</string>
			<key>isa</key>
			<string>PBXBuildFile</string>
		</dict>
		<key>07F7115E1D04D0500099D342</key>
		<dict>
			<key>fileRef</key>
			<string>07F7115C1D04D0500099D342</string>
			<key>isa</key>
			<string>PBXBuildFile</string>
		</dict>
		<key>07F7115F1D04D0FB0099D342</key>
		<dict>
			<key>fileEncoding</key>
			<string>4</string>
			<key>isa</key>
			<string>PBXFileReference</string>
			<key>lastKnownFileType</key>
			<string>sourcecode.swift</string>
			<key>name</key>
			<string>LikeDislikeCollectionViewCell.swift</string>
			<key>path</key>
			<string>Components/cells/LikeDislikeCollectionViewCell.swift</string>
			<key>sourceTree</key>
			<string>&lt;group&gt;</string>
		</dict>
		<key>07F711601D04D0FB0099D342</key>
		<dict>
			<key>fileRef</key>
			<string>07F7115F1D04D0FB0099D342</string>
			<key>isa</key>
			<string>PBXBuildFile</string>
		</dict>
		<key>07F711611D05D7EE0099D342</key>
		<dict>
			<key>buildActionMask</key>
			<string>2147483647</string>
			<key>files</key>
			<array/>
			<key>inputPaths</key>
			<array/>
			<key>isa</key>
			<string>PBXShellScriptBuildPhase</string>
			<key>name</key>
			<string>Auto Build Version</string>
			<key>outputPaths</key>
			<array/>
			<key>runOnlyForDeploymentPostprocessing</key>
			<string>0</string>
			<key>shellPath</key>
			<string>/bin/sh</string>
			<key>shellScript</key>
			<string># xcode-build-bump.sh
# @desc Auto-increment the build number every time the project is run.
# @usage
# 1. Select: your Target in Xcode
# 2. Select: Build Phases Tab
# 3. Select: Add Build Phase -&gt; Add Run Script
# 4. Paste code below in to new "Run Script" section
# 5. Drag the "Run Script" below "Link Binaries With Libraries"
# 6. Insure that your starting build number is set to a whole integer and not a float (e.g. 1, not 1.0)

buildNumber=$(/usr/libexec/PlistBuddy -c "Print CFBundleVersion" "${PROJECT_DIR}/${INFOPLIST_FILE}")
buildNumber=$(($buildNumber + 1))
/usr/libexec/PlistBuddy -c "Set :CFBundleVersion $buildNumber" "${PROJECT_DIR}/${INFOPLIST_FILE}"</string>
		</dict>
		<key>07FE8F161CF9CDD70029DE52</key>
		<dict>
			<key>fileEncoding</key>
			<string>4</string>
			<key>isa</key>
			<string>PBXFileReference</string>
			<key>lastKnownFileType</key>
			<string>sourcecode.swift</string>
			<key>name</key>
			<string>MenuViewController.swift</string>
			<key>path</key>
			<string>Controller/MenuViewController.swift</string>
			<key>sourceTree</key>
			<string>&lt;group&gt;</string>
		</dict>
		<key>07FE8F171CF9CDD70029DE52</key>
		<dict>
			<key>fileRef</key>
			<string>07FE8F161CF9CDD70029DE52</string>
			<key>isa</key>
			<string>PBXBuildFile</string>
		</dict>
		<key>1BDFFD27E4117CC604834ED1</key>
		<dict>
			<key>explicitFileType</key>
			<string>wrapper.framework</string>
			<key>includeInIndex</key>
			<string>0</string>
			<key>isa</key>
			<string>PBXFileReference</string>
			<key>path</key>
			<string>Pods_NocimaApp.framework</string>
			<key>sourceTree</key>
			<string>BUILT_PRODUCTS_DIR</string>
		</dict>
		<key>29EA541C5004153039804E78</key>
		<dict>
			<key>includeInIndex</key>
			<string>1</string>
			<key>isa</key>
			<string>PBXFileReference</string>
			<key>lastKnownFileType</key>
			<string>text.xcconfig</string>
			<key>name</key>
			<string>Pods.release.xcconfig</string>
			<key>path</key>
			<string>Pods/Target Support Files/Pods/Pods.release.xcconfig</string>
			<key>sourceTree</key>
			<string>&lt;group&gt;</string>
		</dict>
		<key>30C0D419A7077A338E423616</key>
		<dict>
			<key>buildActionMask</key>
			<string>2147483647</string>
			<key>files</key>
			<array/>
			<key>inputPaths</key>
			<array/>
			<key>isa</key>
			<string>PBXShellScriptBuildPhase</string>
			<key>name</key>
			<string>[CP] Copy Pods Resources</string>
			<key>outputPaths</key>
			<array/>
			<key>runOnlyForDeploymentPostprocessing</key>
			<string>0</string>
			<key>shellPath</key>
			<string>/bin/sh</string>
			<key>shellScript</key>
			<string>"${SRCROOT}/Pods/Target Support Files/Pods-NocimaApp/Pods-NocimaApp-resources.sh"
</string>
			<key>showEnvVarsInLog</key>
			<string>0</string>
		</dict>
		<key>48E06CAE602F91F05EE50CEC</key>
		<dict>
			<key>includeInIndex</key>
			<string>1</string>
			<key>isa</key>
			<string>PBXFileReference</string>
			<key>lastKnownFileType</key>
			<string>text.xcconfig</string>
			<key>name</key>
			<string>Pods.debug.xcconfig</string>
			<key>path</key>
			<string>Pods/Target Support Files/Pods/Pods.debug.xcconfig</string>
			<key>sourceTree</key>
			<string>&lt;group&gt;</string>
		</dict>
		<key>4DA1DA2C7ACE07FEB3EE6E42</key>
		<dict>
			<key>children</key>
			<array>
				<string>0705111F1D192F2C0051E684</string>
				<string>079FECC11CF768A400293141</string>
				<string>07E05C9D1CF27AA900B4AF28</string>
				<string>07E05C9E1CF27AA900B4AF28</string>
				<string>07E05C9F1CF27AA900B4AF28</string>
				<string>076D40101CEE62FF00F63275</string>
				<string>B10CFA5B79F97D75C3C393FA</string>
				<string>1BDFFD27E4117CC604834ED1</string>
			</array>
			<key>isa</key>
			<string>PBXGroup</string>
			<key>name</key>
			<string>Frameworks</string>
			<key>sourceTree</key>
			<string>&lt;group&gt;</string>
		</dict>
		<key>61DFE5F3E34A852C4E29578F</key>
		<dict>
			<key>buildActionMask</key>
			<string>2147483647</string>
			<key>files</key>
			<array/>
			<key>inputPaths</key>
			<array/>
			<key>isa</key>
			<string>PBXShellScriptBuildPhase</string>
			<key>name</key>
			<string>Embed Pods Frameworks</string>
			<key>outputPaths</key>
			<array/>
			<key>runOnlyForDeploymentPostprocessing</key>
			<string>0</string>
			<key>shellPath</key>
			<string>/bin/sh</string>
			<key>shellScript</key>
			<string>"${SRCROOT}/Pods/Target Support Files/Pods-NocimaApp/Pods-NocimaApp-frameworks.sh"
</string>
			<key>showEnvVarsInLog</key>
			<string>0</string>
		</dict>
		<key>7D4E9194B79DC4B44FDB928B</key>
		<dict>
			<key>fileRef</key>
			<string>1BDFFD27E4117CC604834ED1</string>
			<key>isa</key>
			<string>PBXBuildFile</string>
		</dict>
		<key>83ECCAB7B4CEFF2162DA2B11</key>
		<dict>
			<key>fileRef</key>
			<string>B10CFA5B79F97D75C3C393FA</string>
			<key>isa</key>
			<string>PBXBuildFile</string>
		</dict>
		<key>AB99AA346DFD057749370FA3</key>
		<dict>
			<key>includeInIndex</key>
			<string>1</string>
			<key>isa</key>
			<string>PBXFileReference</string>
			<key>lastKnownFileType</key>
			<string>text.xcconfig</string>
			<key>name</key>
			<string>Pods-NocimaApp.debug.xcconfig</string>
			<key>path</key>
			<string>Pods/Target Support Files/Pods-NocimaApp/Pods-NocimaApp.debug.xcconfig</string>
			<key>sourceTree</key>
			<string>&lt;group&gt;</string>
		</dict>
		<key>AEEBDF8AF33174B92B4556E6</key>
		<dict>
			<key>includeInIndex</key>
			<string>1</string>
			<key>isa</key>
			<string>PBXFileReference</string>
			<key>lastKnownFileType</key>
			<string>text.xcconfig</string>
			<key>name</key>
			<string>Pods-NocimaApp.release.xcconfig</string>
			<key>path</key>
			<string>Pods/Target Support Files/Pods-NocimaApp/Pods-NocimaApp.release.xcconfig</string>
			<key>sourceTree</key>
			<string>&lt;group&gt;</string>
		</dict>
		<key>B10CFA5B79F97D75C3C393FA</key>
		<dict>
			<key>explicitFileType</key>
			<string>wrapper.framework</string>
			<key>includeInIndex</key>
			<string>0</string>
			<key>isa</key>
			<string>PBXFileReference</string>
			<key>path</key>
			<string>Pods.framework</string>
			<key>sourceTree</key>
			<string>BUILT_PRODUCTS_DIR</string>
		</dict>
		<key>B3BD475DE59B6AAB590A6314</key>
		<dict>
			<key>buildActionMask</key>
			<string>2147483647</string>
			<key>files</key>
			<array/>
			<key>inputPaths</key>
			<array/>
			<key>isa</key>
			<string>PBXShellScriptBuildPhase</string>
			<key>name</key>
			<string>[CP] Check Pods Manifest.lock</string>
			<key>outputPaths</key>
			<array/>
			<key>runOnlyForDeploymentPostprocessing</key>
			<string>0</string>
			<key>shellPath</key>
			<string>/bin/sh</string>
			<key>shellScript</key>
			<string>diff "${PODS_ROOT}/../Podfile.lock" "${PODS_ROOT}/Manifest.lock" &gt; /dev/null
if [[ $? != 0 ]] ; then
    cat &lt;&lt; EOM
error: The sandbox is not in sync with the Podfile.lock. Run 'pod install' or update your CocoaPods installation.
EOM
    exit 1
fi
</string>
			<key>showEnvVarsInLog</key>
			<string>0</string>
		</dict>
		<key>E084CCA085C8D0734714C798</key>
		<dict>
			<key>children</key>
			<array>
				<string>48E06CAE602F91F05EE50CEC</string>
				<string>29EA541C5004153039804E78</string>
				<string>AB99AA346DFD057749370FA3</string>
				<string>AEEBDF8AF33174B92B4556E6</string>
			</array>
			<key>isa</key>
			<string>PBXGroup</string>
			<key>name</key>
			<string>Pods</string>
			<key>sourceTree</key>
			<string>&lt;group&gt;</string>
		</dict>
		<key>FEC2AF560304B9BE12BA5AA6</key>
		<dict>
			<key>buildActionMask</key>
			<string>2147483647</string>
			<key>files</key>
			<array/>
			<key>inputPaths</key>
			<array/>
			<key>isa</key>
			<string>PBXShellScriptBuildPhase</string>
			<key>name</key>
			<string>[CP] Embed Pods Frameworks</string>
			<key>outputPaths</key>
			<array/>
			<key>runOnlyForDeploymentPostprocessing</key>
			<string>0</string>
			<key>shellPath</key>
			<string>/bin/sh</string>
			<key>shellScript</key>
			<string>"${SRCROOT}/Pods/Target Support Files/Pods-NocimaApp/Pods-NocimaApp-frameworks.sh"
</string>
			<key>showEnvVarsInLog</key>
			<string>0</string>
		</dict>
	</dict>
	<key>rootObject</key>
	<string>076638771CED0F0E001A8AE1</string>
</dict>
</plist>
