// !$*UTF8*$!
{
	archiveVersion = 1;
	classes = {
	};
	objectVersion = 46;
	objects = {

/* Begin PBXBuildFile section */
		07003AF91D02B99A0083AC5F /* MessagesViewController.swift in Sources */ = {isa = PBXBuildFile; fileRef = 07003AF81D02B99A0083AC5F /* MessagesViewController.swift */; };
		070300BD1D1C6CDA000B2B57 /* PendingActivationViewController.swift in Sources */ = {isa = PBXBuildFile; fileRef = 070300BC1D1C6CDA000B2B57 /* PendingActivationViewController.swift */; };
		070511201D192F2C0051E684 /* CoreLocation.framework in Frameworks */ = {isa = PBXBuildFile; fileRef = 0705111F1D192F2C0051E684 /* CoreLocation.framework */; };
		071555D21D2832AB003039CF /* UserEntity.swift in Sources */ = {isa = PBXBuildFile; fileRef = 071555D11D2832AB003039CF /* UserEntity.swift */; };
		072EB3741D2CE68A001FE2EE /* Fabric.framework in Frameworks */ = {isa = PBXBuildFile; fileRef = 072EB3731D2CE689001FE2EE /* Fabric.framework */; };
		0736DE071D273F6C004FDE7B /* UserChatListCell.swift in Sources */ = {isa = PBXBuildFile; fileRef = 0736DE061D273F6C004FDE7B /* UserChatListCell.swift */; };
		075EE16E1D1F39CC006E853F /* MatchViewController.swift in Sources */ = {isa = PBXBuildFile; fileRef = 075EE16D1D1F39CC006E853F /* MatchViewController.swift */; };
		076638831CED0F0E001A8AE1 /* AppDelegate.swift in Sources */ = {isa = PBXBuildFile; fileRef = 076638821CED0F0E001A8AE1 /* AppDelegate.swift */; };
		076638851CED0F0E001A8AE1 /* ViewController.swift in Sources */ = {isa = PBXBuildFile; fileRef = 076638841CED0F0E001A8AE1 /* ViewController.swift */; };
		076638881CED0F0E001A8AE1 /* Main.storyboard in Resources */ = {isa = PBXBuildFile; fileRef = 076638861CED0F0E001A8AE1 /* Main.storyboard */; };
		0766388B1CED0F0E001A8AE1 /* NocimaApp.xcdatamodeld in Sources */ = {isa = PBXBuildFile; fileRef = 076638891CED0F0E001A8AE1 /* NocimaApp.xcdatamodeld */; };
		0766388D1CED0F0E001A8AE1 /* Assets.xcassets in Resources */ = {isa = PBXBuildFile; fileRef = 0766388C1CED0F0E001A8AE1 /* Assets.xcassets */; };
		076638901CED0F0E001A8AE1 /* LaunchScreen.storyboard in Resources */ = {isa = PBXBuildFile; fileRef = 0766388E1CED0F0E001A8AE1 /* LaunchScreen.storyboard */; };
		0766389B1CED0F0E001A8AE1 /* NocimaAppTests.swift in Sources */ = {isa = PBXBuildFile; fileRef = 0766389A1CED0F0E001A8AE1 /* NocimaAppTests.swift */; };
		076638A61CED0F0E001A8AE1 /* NocimaAppUITests.swift in Sources */ = {isa = PBXBuildFile; fileRef = 076638A51CED0F0E001A8AE1 /* NocimaAppUITests.swift */; };
		076D400A1CEE626000F63275 /* SourceSansPro-Bold.ttf in Resources */ = {isa = PBXBuildFile; fileRef = 076D40061CEE626000F63275 /* SourceSansPro-Bold.ttf */; };
		076D400B1CEE626000F63275 /* SourceSansPro-Light.ttf in Resources */ = {isa = PBXBuildFile; fileRef = 076D40071CEE626000F63275 /* SourceSansPro-Light.ttf */; };
		076D400C1CEE626000F63275 /* SourceSansPro-Regular.ttf in Resources */ = {isa = PBXBuildFile; fileRef = 076D40081CEE626000F63275 /* SourceSansPro-Regular.ttf */; };
		076D400D1CEE626000F63275 /* SourceSansPro-Semibold.ttf in Resources */ = {isa = PBXBuildFile; fileRef = 076D40091CEE626000F63275 /* SourceSansPro-Semibold.ttf */; };
		076D400F1CEE62BB00F63275 /* LoginViewController.swift in Sources */ = {isa = PBXBuildFile; fileRef = 076D400E1CEE62BB00F63275 /* LoginViewController.swift */; };
		076D40111CEE62FF00F63275 /* UIKit.framework in Frameworks */ = {isa = PBXBuildFile; fileRef = 076D40101CEE62FF00F63275 /* UIKit.framework */; };
		0776C9DA1D2402A800F76BA0 /* WelcomeViewController.swift in Sources */ = {isa = PBXBuildFile; fileRef = 0776C9D91D2402A800F76BA0 /* WelcomeViewController.swift */; };
		079FECC01CF766BC00293141 /* LocationViewController.swift in Sources */ = {isa = PBXBuildFile; fileRef = 079FECBF1CF766BC00293141 /* LocationViewController.swift */; };
		079FECC21CF768A400293141 /* MapKit.framework in Frameworks */ = {isa = PBXBuildFile; fileRef = 079FECC11CF768A400293141 /* MapKit.framework */; };
		07A014201D2B2F9700DC62B6 /* DataHelper.swift in Sources */ = {isa = PBXBuildFile; fileRef = 07A0141F1D2B2F9700DC62B6 /* DataHelper.swift */; };
		07AB57AA1D27CAB30022586C /* DateHelper.swift in Sources */ = {isa = PBXBuildFile; fileRef = 07AB57A91D27CAB30022586C /* DateHelper.swift */; };
		07B4E8B21D11BC13007A5981 /* ChatViewController.swift in Sources */ = {isa = PBXBuildFile; fileRef = 07B4E8B11D11BC13007A5981 /* ChatViewController.swift */; };
		07B8BEF81CFA55D300BF2E58 /* NavigationView.swift in Sources */ = {isa = PBXBuildFile; fileRef = 07B8BEF71CFA55D300BF2E58 /* NavigationView.swift */; };
		07B8BEFA1CFA780600BF2E58 /* MainViewController.swift in Sources */ = {isa = PBXBuildFile; fileRef = 07B8BEF91CFA780600BF2E58 /* MainViewController.swift */; };
		07B8BEFC1CFA85F100BF2E58 /* MenuCell.swift in Sources */ = {isa = PBXBuildFile; fileRef = 07B8BEFB1CFA85F100BF2E58 /* MenuCell.swift */; };
		07B8BEFF1CFAF48300BF2E58 /* SettingsViewController.swift in Sources */ = {isa = PBXBuildFile; fileRef = 07B8BEFE1CFAF48300BF2E58 /* SettingsViewController.swift */; };
		07B8BF011CFAF4BE00BF2E58 /* MyProfileViewController.swift in Sources */ = {isa = PBXBuildFile; fileRef = 07B8BF001CFAF4BE00BF2E58 /* MyProfileViewController.swift */; };
		07BBCCB41D09AB6700E1D7B4 /* NotificationHelper.swift in Sources */ = {isa = PBXBuildFile; fileRef = 07BBCCB31D09AB6700E1D7B4 /* NotificationHelper.swift */; };
		07E05CA01CF27AA900B4AF28 /* FBSDKCoreKit.framework in Frameworks */ = {isa = PBXBuildFile; fileRef = 07E05C9D1CF27AA900B4AF28 /* FBSDKCoreKit.framework */; };
		07E05CA11CF27AA900B4AF28 /* FBSDKLoginKit.framework in Frameworks */ = {isa = PBXBuildFile; fileRef = 07E05C9E1CF27AA900B4AF28 /* FBSDKLoginKit.framework */; };
		07E05CA21CF27AA900B4AF28 /* FBSDKShareKit.framework in Frameworks */ = {isa = PBXBuildFile; fileRef = 07E05C9F1CF27AA900B4AF28 /* FBSDKShareKit.framework */; };
		07E05CA41CF296A900B4AF28 /* LikeViewController.swift in Sources */ = {isa = PBXBuildFile; fileRef = 07E05CA31CF296A900B4AF28 /* LikeViewController.swift */; };
		07F3F20E1D06B958005F1BDE /* APIClient.swift in Sources */ = {isa = PBXBuildFile; fileRef = 07F3F20D1D06B958005F1BDE /* APIClient.swift */; };
		07F7115A1D04D03E0099D342 /* TisprCardStackViewLayout.swift in Sources */ = {isa = PBXBuildFile; fileRef = 07F711591D04D03E0099D342 /* TisprCardStackViewLayout.swift */; };
		07F7115D1D04D0500099D342 /* TisprCardStackViewCell.swift in Sources */ = {isa = PBXBuildFile; fileRef = 07F7115B1D04D0500099D342 /* TisprCardStackViewCell.swift */; };
		07F7115E1D04D0500099D342 /* TisprCardStackViewController.swift in Sources */ = {isa = PBXBuildFile; fileRef = 07F7115C1D04D0500099D342 /* TisprCardStackViewController.swift */; };
		07F711601D04D0FB0099D342 /* LikeDislikeCollectionViewCell.swift in Sources */ = {isa = PBXBuildFile; fileRef = 07F7115F1D04D0FB0099D342 /* LikeDislikeCollectionViewCell.swift */; };
		07FE8F171CF9CDD70029DE52 /* MenuViewController.swift in Sources */ = {isa = PBXBuildFile; fileRef = 07FE8F161CF9CDD70029DE52 /* MenuViewController.swift */; };
		5A27788F7C212E2A2716324E /* Pods_NocimaApp.framework in Frameworks */ = {isa = PBXBuildFile; fileRef = 1BDFFD27E4117CC604834ED1 /* Pods_NocimaApp.framework */; };
/* End PBXBuildFile section */

/* Begin PBXContainerItemProxy section */
		076638971CED0F0E001A8AE1 /* PBXContainerItemProxy */ = {
			isa = PBXContainerItemProxy;
			containerPortal = 076638771CED0F0E001A8AE1 /* Project object */;
			proxyType = 1;
			remoteGlobalIDString = 0766387E1CED0F0E001A8AE1;
			remoteInfo = NocimaApp;
		};
		076638A21CED0F0E001A8AE1 /* PBXContainerItemProxy */ = {
			isa = PBXContainerItemProxy;
			containerPortal = 076638771CED0F0E001A8AE1 /* Project object */;
			proxyType = 1;
			remoteGlobalIDString = 0766387E1CED0F0E001A8AE1;
			remoteInfo = NocimaApp;
		};
/* End PBXContainerItemProxy section */

/* Begin PBXFileReference section */
		07003AF81D02B99A0083AC5F /* MessagesViewController.swift */ = {isa = PBXFileReference; fileEncoding = 4; lastKnownFileType = sourcecode.swift; name = MessagesViewController.swift; path = Controller/MessagesViewController.swift; sourceTree = "<group>"; };
		070300BC1D1C6CDA000B2B57 /* PendingActivationViewController.swift */ = {isa = PBXFileReference; fileEncoding = 4; lastKnownFileType = sourcecode.swift; name = PendingActivationViewController.swift; path = Controller/PendingActivationViewController.swift; sourceTree = "<group>"; };
		0705111F1D192F2C0051E684 /* CoreLocation.framework */ = {isa = PBXFileReference; lastKnownFileType = wrapper.framework; name = CoreLocation.framework; path = System/Library/Frameworks/CoreLocation.framework; sourceTree = SDKROOT; };
		071555D11D2832AB003039CF /* UserEntity.swift */ = {isa = PBXFileReference; fileEncoding = 4; lastKnownFileType = sourcecode.swift; path = UserEntity.swift; sourceTree = "<group>"; };
		072EB3731D2CE689001FE2EE /* Fabric.framework */ = {isa = PBXFileReference; lastKnownFileType = wrapper.framework; name = Fabric.framework; path = Pods/Fabric/Fabric.framework; sourceTree = "<group>"; };
		0736DE061D273F6C004FDE7B /* UserChatListCell.swift */ = {isa = PBXFileReference; fileEncoding = 4; lastKnownFileType = sourcecode.swift; name = UserChatListCell.swift; path = Components/cells/UserChatListCell.swift; sourceTree = "<group>"; };
		075EE16D1D1F39CC006E853F /* MatchViewController.swift */ = {isa = PBXFileReference; fileEncoding = 4; lastKnownFileType = sourcecode.swift; name = MatchViewController.swift; path = Controller/MatchViewController.swift; sourceTree = "<group>"; };
		0766387F1CED0F0E001A8AE1 /* NocimaApp.app */ = {isa = PBXFileReference; explicitFileType = wrapper.application; includeInIndex = 0; path = NocimaApp.app; sourceTree = BUILT_PRODUCTS_DIR; };
		076638821CED0F0E001A8AE1 /* AppDelegate.swift */ = {isa = PBXFileReference; lastKnownFileType = sourcecode.swift; path = AppDelegate.swift; sourceTree = "<group>"; };
		076638841CED0F0E001A8AE1 /* ViewController.swift */ = {isa = PBXFileReference; lastKnownFileType = sourcecode.swift; path = ViewController.swift; sourceTree = "<group>"; };
		076638871CED0F0E001A8AE1 /* Base */ = {isa = PBXFileReference; lastKnownFileType = file.storyboard; name = Base; path = Base.lproj/Main.storyboard; sourceTree = "<group>"; };
		0766388A1CED0F0E001A8AE1 /* NocimaApp.xcdatamodel */ = {isa = PBXFileReference; lastKnownFileType = wrapper.xcdatamodel; path = NocimaApp.xcdatamodel; sourceTree = "<group>"; };
		0766388C1CED0F0E001A8AE1 /* Assets.xcassets */ = {isa = PBXFileReference; lastKnownFileType = folder.assetcatalog; path = Assets.xcassets; sourceTree = "<group>"; };
		0766388F1CED0F0E001A8AE1 /* Base */ = {isa = PBXFileReference; lastKnownFileType = file.storyboard; name = Base; path = Base.lproj/LaunchScreen.storyboard; sourceTree = "<group>"; };
		076638911CED0F0E001A8AE1 /* Info.plist */ = {isa = PBXFileReference; lastKnownFileType = text.plist.xml; path = Info.plist; sourceTree = "<group>"; };
		076638961CED0F0E001A8AE1 /* NocimaAppTests.xctest */ = {isa = PBXFileReference; explicitFileType = wrapper.cfbundle; includeInIndex = 0; path = NocimaAppTests.xctest; sourceTree = BUILT_PRODUCTS_DIR; };
		0766389A1CED0F0E001A8AE1 /* NocimaAppTests.swift */ = {isa = PBXFileReference; lastKnownFileType = sourcecode.swift; path = NocimaAppTests.swift; sourceTree = "<group>"; };
		0766389C1CED0F0E001A8AE1 /* Info.plist */ = {isa = PBXFileReference; lastKnownFileType = text.plist.xml; path = Info.plist; sourceTree = "<group>"; };
		076638A11CED0F0E001A8AE1 /* NocimaAppUITests.xctest */ = {isa = PBXFileReference; explicitFileType = wrapper.cfbundle; includeInIndex = 0; path = NocimaAppUITests.xctest; sourceTree = BUILT_PRODUCTS_DIR; };
		076638A51CED0F0E001A8AE1 /* NocimaAppUITests.swift */ = {isa = PBXFileReference; lastKnownFileType = sourcecode.swift; path = NocimaAppUITests.swift; sourceTree = "<group>"; };
		076638A71CED0F0E001A8AE1 /* Info.plist */ = {isa = PBXFileReference; lastKnownFileType = text.plist.xml; path = Info.plist; sourceTree = "<group>"; };
		076D40061CEE626000F63275 /* SourceSansPro-Bold.ttf */ = {isa = PBXFileReference; lastKnownFileType = file; name = "SourceSansPro-Bold.ttf"; path = "Resources/Fonts/SourceSansPro-Bold.ttf"; sourceTree = "<group>"; };
		076D40071CEE626000F63275 /* SourceSansPro-Light.ttf */ = {isa = PBXFileReference; lastKnownFileType = file; name = "SourceSansPro-Light.ttf"; path = "Resources/Fonts/SourceSansPro-Light.ttf"; sourceTree = "<group>"; };
		076D40081CEE626000F63275 /* SourceSansPro-Regular.ttf */ = {isa = PBXFileReference; lastKnownFileType = file; name = "SourceSansPro-Regular.ttf"; path = "Resources/Fonts/SourceSansPro-Regular.ttf"; sourceTree = "<group>"; };
		076D40091CEE626000F63275 /* SourceSansPro-Semibold.ttf */ = {isa = PBXFileReference; lastKnownFileType = file; name = "SourceSansPro-Semibold.ttf"; path = "Resources/Fonts/SourceSansPro-Semibold.ttf"; sourceTree = "<group>"; };
		076D400E1CEE62BB00F63275 /* LoginViewController.swift */ = {isa = PBXFileReference; fileEncoding = 4; lastKnownFileType = sourcecode.swift; name = LoginViewController.swift; path = Controller/LoginViewController.swift; sourceTree = "<group>"; };
		076D40101CEE62FF00F63275 /* UIKit.framework */ = {isa = PBXFileReference; lastKnownFileType = wrapper.framework; name = UIKit.framework; path = System/Library/Frameworks/UIKit.framework; sourceTree = SDKROOT; };
		0776C9D91D2402A800F76BA0 /* WelcomeViewController.swift */ = {isa = PBXFileReference; fileEncoding = 4; lastKnownFileType = sourcecode.swift; name = WelcomeViewController.swift; path = Controller/WelcomeViewController.swift; sourceTree = "<group>"; };
		079FECBF1CF766BC00293141 /* LocationViewController.swift */ = {isa = PBXFileReference; fileEncoding = 4; lastKnownFileType = sourcecode.swift; name = LocationViewController.swift; path = Controller/LocationViewController.swift; sourceTree = "<group>"; };
		079FECC11CF768A400293141 /* MapKit.framework */ = {isa = PBXFileReference; lastKnownFileType = wrapper.framework; name = MapKit.framework; path = System/Library/Frameworks/MapKit.framework; sourceTree = SDKROOT; };
		07A0141F1D2B2F9700DC62B6 /* DataHelper.swift */ = {isa = PBXFileReference; fileEncoding = 4; lastKnownFileType = sourcecode.swift; name = DataHelper.swift; path = Helpers/DataHelper.swift; sourceTree = "<group>"; };
		07AB57A91D27CAB30022586C /* DateHelper.swift */ = {isa = PBXFileReference; fileEncoding = 4; lastKnownFileType = sourcecode.swift; name = DateHelper.swift; path = Helpers/DateHelper.swift; sourceTree = "<group>"; };
		07B4E8B11D11BC13007A5981 /* ChatViewController.swift */ = {isa = PBXFileReference; fileEncoding = 4; lastKnownFileType = sourcecode.swift; name = ChatViewController.swift; path = Controller/ChatViewController.swift; sourceTree = "<group>"; };
		07B8BEF71CFA55D300BF2E58 /* NavigationView.swift */ = {isa = PBXFileReference; fileEncoding = 4; lastKnownFileType = sourcecode.swift; name = NavigationView.swift; path = Components/NavigationView.swift; sourceTree = "<group>"; };
		07B8BEF91CFA780600BF2E58 /* MainViewController.swift */ = {isa = PBXFileReference; fileEncoding = 4; lastKnownFileType = sourcecode.swift; name = MainViewController.swift; path = Controller/MainViewController.swift; sourceTree = "<group>"; };
		07B8BEFB1CFA85F100BF2E58 /* MenuCell.swift */ = {isa = PBXFileReference; fileEncoding = 4; lastKnownFileType = sourcecode.swift; name = MenuCell.swift; path = Components/cells/MenuCell.swift; sourceTree = "<group>"; };
		07B8BEFE1CFAF48300BF2E58 /* SettingsViewController.swift */ = {isa = PBXFileReference; fileEncoding = 4; lastKnownFileType = sourcecode.swift; name = SettingsViewController.swift; path = Controller/SettingsViewController.swift; sourceTree = "<group>"; };
		07B8BF001CFAF4BE00BF2E58 /* MyProfileViewController.swift */ = {isa = PBXFileReference; fileEncoding = 4; lastKnownFileType = sourcecode.swift; name = MyProfileViewController.swift; path = Controller/MyProfileViewController.swift; sourceTree = "<group>"; };
		07BBCCB31D09AB6700E1D7B4 /* NotificationHelper.swift */ = {isa = PBXFileReference; fileEncoding = 4; lastKnownFileType = sourcecode.swift; name = NotificationHelper.swift; path = Helpers/NotificationHelper.swift; sourceTree = "<group>"; };
		07E05C9D1CF27AA900B4AF28 /* FBSDKCoreKit.framework */ = {isa = PBXFileReference; lastKnownFileType = wrapper.framework; name = FBSDKCoreKit.framework; path = Frameworks/FBSDKCoreKit.framework; sourceTree = "<group>"; };
		07E05C9E1CF27AA900B4AF28 /* FBSDKLoginKit.framework */ = {isa = PBXFileReference; lastKnownFileType = wrapper.framework; name = FBSDKLoginKit.framework; path = Frameworks/FBSDKLoginKit.framework; sourceTree = "<group>"; };
		07E05C9F1CF27AA900B4AF28 /* FBSDKShareKit.framework */ = {isa = PBXFileReference; lastKnownFileType = wrapper.framework; name = FBSDKShareKit.framework; path = Frameworks/FBSDKShareKit.framework; sourceTree = "<group>"; };
		07E05CA31CF296A900B4AF28 /* LikeViewController.swift */ = {isa = PBXFileReference; fileEncoding = 4; lastKnownFileType = sourcecode.swift; name = LikeViewController.swift; path = Controller/LikeViewController.swift; sourceTree = "<group>"; };
		07F3F20D1D06B958005F1BDE /* APIClient.swift */ = {isa = PBXFileReference; fileEncoding = 4; lastKnownFileType = sourcecode.swift; name = APIClient.swift; path = API/APIClient.swift; sourceTree = "<group>"; };
		07F711591D04D03E0099D342 /* TisprCardStackViewLayout.swift */ = {isa = PBXFileReference; fileEncoding = 4; lastKnownFileType = sourcecode.swift; name = TisprCardStackViewLayout.swift; path = Resources/CardController/TisprCardStackViewLayout.swift; sourceTree = "<group>"; };
		07F7115B1D04D0500099D342 /* TisprCardStackViewCell.swift */ = {isa = PBXFileReference; fileEncoding = 4; lastKnownFileType = sourcecode.swift; name = TisprCardStackViewCell.swift; path = Resources/CardController/TisprCardStackViewCell.swift; sourceTree = "<group>"; };
		07F7115C1D04D0500099D342 /* TisprCardStackViewController.swift */ = {isa = PBXFileReference; fileEncoding = 4; lastKnownFileType = sourcecode.swift; name = TisprCardStackViewController.swift; path = Resources/CardController/TisprCardStackViewController.swift; sourceTree = "<group>"; };
		07F7115F1D04D0FB0099D342 /* LikeDislikeCollectionViewCell.swift */ = {isa = PBXFileReference; fileEncoding = 4; lastKnownFileType = sourcecode.swift; name = LikeDislikeCollectionViewCell.swift; path = Components/cells/LikeDislikeCollectionViewCell.swift; sourceTree = "<group>"; };
		07FE8F161CF9CDD70029DE52 /* MenuViewController.swift */ = {isa = PBXFileReference; fileEncoding = 4; lastKnownFileType = sourcecode.swift; name = MenuViewController.swift; path = Controller/MenuViewController.swift; sourceTree = "<group>"; };
		1BDFFD27E4117CC604834ED1 /* Pods_NocimaApp.framework */ = {isa = PBXFileReference; explicitFileType = wrapper.framework; includeInIndex = 0; path = Pods_NocimaApp.framework; sourceTree = BUILT_PRODUCTS_DIR; };
		29EA541C5004153039804E78 /* Pods.release.xcconfig */ = {isa = PBXFileReference; includeInIndex = 1; lastKnownFileType = text.xcconfig; name = Pods.release.xcconfig; path = "Pods/Target Support Files/Pods/Pods.release.xcconfig"; sourceTree = "<group>"; };
		48E06CAE602F91F05EE50CEC /* Pods.debug.xcconfig */ = {isa = PBXFileReference; includeInIndex = 1; lastKnownFileType = text.xcconfig; name = Pods.debug.xcconfig; path = "Pods/Target Support Files/Pods/Pods.debug.xcconfig"; sourceTree = "<group>"; };
		AB99AA346DFD057749370FA3 /* Pods-NocimaApp.debug.xcconfig */ = {isa = PBXFileReference; includeInIndex = 1; lastKnownFileType = text.xcconfig; name = "Pods-NocimaApp.debug.xcconfig"; path = "Pods/Target Support Files/Pods-NocimaApp/Pods-NocimaApp.debug.xcconfig"; sourceTree = "<group>"; };
		AEEBDF8AF33174B92B4556E6 /* Pods-NocimaApp.release.xcconfig */ = {isa = PBXFileReference; includeInIndex = 1; lastKnownFileType = text.xcconfig; name = "Pods-NocimaApp.release.xcconfig"; path = "Pods/Target Support Files/Pods-NocimaApp/Pods-NocimaApp.release.xcconfig"; sourceTree = "<group>"; };
		B10CFA5B79F97D75C3C393FA /* Pods.framework */ = {isa = PBXFileReference; explicitFileType = wrapper.framework; includeInIndex = 0; path = Pods.framework; sourceTree = BUILT_PRODUCTS_DIR; };
/* End PBXFileReference section */

/* Begin PBXFrameworksBuildPhase section */
		0766387C1CED0F0E001A8AE1 /* Frameworks */ = {
			isa = PBXFrameworksBuildPhase;
			buildActionMask = 2147483647;
			files = (
				070511201D192F2C0051E684 /* CoreLocation.framework in Frameworks */,
				079FECC21CF768A400293141 /* MapKit.framework in Frameworks */,
				076D40111CEE62FF00F63275 /* UIKit.framework in Frameworks */,
				072EB3741D2CE68A001FE2EE /* Fabric.framework in Frameworks */,
				07E05CA01CF27AA900B4AF28 /* FBSDKCoreKit.framework in Frameworks */,
				07E05CA21CF27AA900B4AF28 /* FBSDKShareKit.framework in Frameworks */,
				07E05CA11CF27AA900B4AF28 /* FBSDKLoginKit.framework in Frameworks */,
				5A27788F7C212E2A2716324E /* Pods_NocimaApp.framework in Frameworks */,
			);
			runOnlyForDeploymentPostprocessing = 0;
		};
		076638931CED0F0E001A8AE1 /* Frameworks */ = {
			isa = PBXFrameworksBuildPhase;
			buildActionMask = 2147483647;
			files = (
			);
			runOnlyForDeploymentPostprocessing = 0;
		};
		0766389E1CED0F0E001A8AE1 /* Frameworks */ = {
			isa = PBXFrameworksBuildPhase;
			buildActionMask = 2147483647;
			files = (
			);
			runOnlyForDeploymentPostprocessing = 0;
		};
/* End PBXFrameworksBuildPhase section */

/* Begin PBXGroup section */
		076638761CED0F0E001A8AE1 = {
			isa = PBXGroup;
			children = (
				076638811CED0F0E001A8AE1 /* NocimaApp */,
				076638991CED0F0E001A8AE1 /* NocimaAppTests */,
				076638A41CED0F0E001A8AE1 /* NocimaAppUITests */,
				076638801CED0F0E001A8AE1 /* Products */,
				E084CCA085C8D0734714C798 /* Pods */,
				4DA1DA2C7ACE07FEB3EE6E42 /* Frameworks */,
			);
			sourceTree = "<group>";
		};
		076638801CED0F0E001A8AE1 /* Products */ = {
			isa = PBXGroup;
			children = (
				0766387F1CED0F0E001A8AE1 /* NocimaApp.app */,
				076638961CED0F0E001A8AE1 /* NocimaAppTests.xctest */,
				076638A11CED0F0E001A8AE1 /* NocimaAppUITests.xctest */,
			);
			name = Products;
			sourceTree = "<group>";
		};
		076638811CED0F0E001A8AE1 /* NocimaApp */ = {
			isa = PBXGroup;
			children = (
				07BBCCB21D09AB4500E1D7B4 /* Helpers */,
				07F3F20C1D06B940005F1BDE /* API */,
				07B8BEF61CFA55B000BF2E58 /* Components */,
				076D40041CEE622100F63275 /* Resources */,
				076638B31CED1021001A8AE1 /* Controllers */,
				076638821CED0F0E001A8AE1 /* AppDelegate.swift */,
				076638841CED0F0E001A8AE1 /* ViewController.swift */,
				076638861CED0F0E001A8AE1 /* Main.storyboard */,
				0766388C1CED0F0E001A8AE1 /* Assets.xcassets */,
				0766388E1CED0F0E001A8AE1 /* LaunchScreen.storyboard */,
				076638911CED0F0E001A8AE1 /* Info.plist */,
				076638891CED0F0E001A8AE1 /* NocimaApp.xcdatamodeld */,
			);
			path = NocimaApp;
			sourceTree = "<group>";
		};
		076638991CED0F0E001A8AE1 /* NocimaAppTests */ = {
			isa = PBXGroup;
			children = (
				0766389A1CED0F0E001A8AE1 /* NocimaAppTests.swift */,
				0766389C1CED0F0E001A8AE1 /* Info.plist */,
			);
			path = NocimaAppTests;
			sourceTree = "<group>";
		};
		076638A41CED0F0E001A8AE1 /* NocimaAppUITests */ = {
			isa = PBXGroup;
			children = (
				076638A51CED0F0E001A8AE1 /* NocimaAppUITests.swift */,
				076638A71CED0F0E001A8AE1 /* Info.plist */,
			);
			path = NocimaAppUITests;
			sourceTree = "<group>";
		};
		076638B31CED1021001A8AE1 /* Controllers */ = {
			isa = PBXGroup;
			children = (
				076D400E1CEE62BB00F63275 /* LoginViewController.swift */,
				07E05CA31CF296A900B4AF28 /* LikeViewController.swift */,
				079FECBF1CF766BC00293141 /* LocationViewController.swift */,
				07FE8F161CF9CDD70029DE52 /* MenuViewController.swift */,
				07B8BEF91CFA780600BF2E58 /* MainViewController.swift */,
				07B8BEFE1CFAF48300BF2E58 /* SettingsViewController.swift */,
				07B8BF001CFAF4BE00BF2E58 /* MyProfileViewController.swift */,
				07003AF81D02B99A0083AC5F /* MessagesViewController.swift */,
				07B4E8B11D11BC13007A5981 /* ChatViewController.swift */,
				070300BC1D1C6CDA000B2B57 /* PendingActivationViewController.swift */,
				075EE16D1D1F39CC006E853F /* MatchViewController.swift */,
				0776C9D91D2402A800F76BA0 /* WelcomeViewController.swift */,
			);
			name = Controllers;
			sourceTree = "<group>";
		};
		076D40041CEE622100F63275 /* Resources */ = {
			isa = PBXGroup;
			children = (
				07F711581D04D01E0099D342 /* CardController */,
				076D40051CEE624C00F63275 /* Fonts */,
			);
			name = Resources;
			sourceTree = "<group>";
		};
		076D40051CEE624C00F63275 /* Fonts */ = {
			isa = PBXGroup;
			children = (
				076D40061CEE626000F63275 /* SourceSansPro-Bold.ttf */,
				076D40071CEE626000F63275 /* SourceSansPro-Light.ttf */,
				076D40081CEE626000F63275 /* SourceSansPro-Regular.ttf */,
				076D40091CEE626000F63275 /* SourceSansPro-Semibold.ttf */,
			);
			name = Fonts;
			sourceTree = "<group>";
		};
		07B8BEF61CFA55B000BF2E58 /* Components */ = {
			isa = PBXGroup;
			children = (
				07B8BEF71CFA55D300BF2E58 /* NavigationView.swift */,
				07B8BEFD1CFA85F600BF2E58 /* cells */,
			);
			name = Components;
			sourceTree = "<group>";
		};
		07B8BEFD1CFA85F600BF2E58 /* cells */ = {
			isa = PBXGroup;
			children = (
				07F7115F1D04D0FB0099D342 /* LikeDislikeCollectionViewCell.swift */,
				07B8BEFB1CFA85F100BF2E58 /* MenuCell.swift */,
				0736DE061D273F6C004FDE7B /* UserChatListCell.swift */,
			);
			name = cells;
			sourceTree = "<group>";
		};
		07BBCCB21D09AB4500E1D7B4 /* Helpers */ = {
			isa = PBXGroup;
			children = (
				07BBCCB31D09AB6700E1D7B4 /* NotificationHelper.swift */,
				07AB57A91D27CAB30022586C /* DateHelper.swift */,
				071555D11D2832AB003039CF /* UserEntity.swift */,
				07A0141F1D2B2F9700DC62B6 /* DataHelper.swift */,
			);
			name = Helpers;
			sourceTree = "<group>";
		};
		07F3F20C1D06B940005F1BDE /* API */ = {
			isa = PBXGroup;
			children = (
				07F3F20D1D06B958005F1BDE /* APIClient.swift */,
			);
			name = API;
			sourceTree = "<group>";
		};
		07F711581D04D01E0099D342 /* CardController */ = {
			isa = PBXGroup;
			children = (
				07F7115B1D04D0500099D342 /* TisprCardStackViewCell.swift */,
				07F7115C1D04D0500099D342 /* TisprCardStackViewController.swift */,
				07F711591D04D03E0099D342 /* TisprCardStackViewLayout.swift */,
			);
			name = CardController;
			sourceTree = "<group>";
		};
		4DA1DA2C7ACE07FEB3EE6E42 /* Frameworks */ = {
			isa = PBXGroup;
			children = (
				072EB3731D2CE689001FE2EE /* Fabric.framework */,
				0705111F1D192F2C0051E684 /* CoreLocation.framework */,
				079FECC11CF768A400293141 /* MapKit.framework */,
				07E05C9D1CF27AA900B4AF28 /* FBSDKCoreKit.framework */,
				07E05C9E1CF27AA900B4AF28 /* FBSDKLoginKit.framework */,
				07E05C9F1CF27AA900B4AF28 /* FBSDKShareKit.framework */,
				076D40101CEE62FF00F63275 /* UIKit.framework */,
				B10CFA5B79F97D75C3C393FA /* Pods.framework */,
				1BDFFD27E4117CC604834ED1 /* Pods_NocimaApp.framework */,
			);
			name = Frameworks;
			sourceTree = "<group>";
		};
		E084CCA085C8D0734714C798 /* Pods */ = {
			isa = PBXGroup;
			children = (
				48E06CAE602F91F05EE50CEC /* Pods.debug.xcconfig */,
				29EA541C5004153039804E78 /* Pods.release.xcconfig */,
				AB99AA346DFD057749370FA3 /* Pods-NocimaApp.debug.xcconfig */,
				AEEBDF8AF33174B92B4556E6 /* Pods-NocimaApp.release.xcconfig */,
			);
			name = Pods;
			sourceTree = "<group>";
		};
/* End PBXGroup section */

/* Begin PBXNativeTarget section */
		0766387E1CED0F0E001A8AE1 /* NocimaApp */ = {
			isa = PBXNativeTarget;
			buildConfigurationList = 076638AA1CED0F0E001A8AE1 /* Build configuration list for PBXNativeTarget "NocimaApp" */;
			buildPhases = (
				268B9DEACC9E2BC31CE24929 /* [CP] Check Pods Manifest.lock */,
				B3BD475DE59B6AAB590A6314 /* [CP] Check Pods Manifest.lock */,
				0766387B1CED0F0E001A8AE1 /* Sources */,
				0766387C1CED0F0E001A8AE1 /* Frameworks */,
				0766387D1CED0F0E001A8AE1 /* Resources */,
				FEC2AF560304B9BE12BA5AA6 /* [CP] Embed Pods Frameworks */,
				30C0D419A7077A338E423616 /* [CP] Copy Pods Resources */,
				07E05CA51CF33B0800B4AF28 /* Crashlytics */,
				07F711611D05D7EE0099D342 /* Auto Build Version */,
				61DFE5F3E34A852C4E29578F /* Embed Pods Frameworks */,
				BC6D628A0CC19E5F9F845925 /* Copy Pods Resources */,
			);
			buildRules = (
			);
			dependencies = (
			);
			name = NocimaApp;
			productName = NocimaApp;
			productReference = 0766387F1CED0F0E001A8AE1 /* NocimaApp.app */;
			productType = "com.apple.product-type.application";
		};
		076638951CED0F0E001A8AE1 /* NocimaAppTests */ = {
			isa = PBXNativeTarget;
			buildConfigurationList = 076638AD1CED0F0E001A8AE1 /* Build configuration list for PBXNativeTarget "NocimaAppTests" */;
			buildPhases = (
				076638921CED0F0E001A8AE1 /* Sources */,
				076638931CED0F0E001A8AE1 /* Frameworks */,
				076638941CED0F0E001A8AE1 /* Resources */,
			);
			buildRules = (
			);
			dependencies = (
				076638981CED0F0E001A8AE1 /* PBXTargetDependency */,
			);
			name = NocimaAppTests;
			productName = NocimaAppTests;
			productReference = 076638961CED0F0E001A8AE1 /* NocimaAppTests.xctest */;
			productType = "com.apple.product-type.bundle.unit-test";
		};
		076638A01CED0F0E001A8AE1 /* NocimaAppUITests */ = {
			isa = PBXNativeTarget;
			buildConfigurationList = 076638B01CED0F0E001A8AE1 /* Build configuration list for PBXNativeTarget "NocimaAppUITests" */;
			buildPhases = (
				0766389D1CED0F0E001A8AE1 /* Sources */,
				0766389E1CED0F0E001A8AE1 /* Frameworks */,
				0766389F1CED0F0E001A8AE1 /* Resources */,
			);
			buildRules = (
			);
			dependencies = (
				076638A31CED0F0E001A8AE1 /* PBXTargetDependency */,
			);
			name = NocimaAppUITests;
			productName = NocimaAppUITests;
			productReference = 076638A11CED0F0E001A8AE1 /* NocimaAppUITests.xctest */;
			productType = "com.apple.product-type.bundle.ui-testing";
		};
/* End PBXNativeTarget section */

/* Begin PBXProject section */
		076638771CED0F0E001A8AE1 /* Project object */ = {
			isa = PBXProject;
			attributes = {
				LastSwiftUpdateCheck = 0730;
				LastUpgradeCheck = 0800;
				ORGANIZATIONNAME = "Pedja Jevtic";
				TargetAttributes = {
					0766387E1CED0F0E001A8AE1 = {
						CreatedOnToolsVersion = 7.3.1;
						DevelopmentTeam = 3ZF6URM4HS;
						LastSwiftMigration = 0800;
						ProvisioningStyle = Automatic;
						SystemCapabilities = {
							com.apple.BackgroundModes = {
								enabled = 1;
							};
							com.apple.Push = {
								enabled = 1;
							};
						};
					};
					076638951CED0F0E001A8AE1 = {
						CreatedOnToolsVersion = 7.3.1;
						LastSwiftMigration = 0800;
						TestTargetID = 0766387E1CED0F0E001A8AE1;
					};
					076638A01CED0F0E001A8AE1 = {
						CreatedOnToolsVersion = 7.3.1;
						LastSwiftMigration = 0800;
						ProvisioningStyle = Automatic;
						TestTargetID = 0766387E1CED0F0E001A8AE1;
					};
				};
			};
			buildConfigurationList = 0766387A1CED0F0E001A8AE1 /* Build configuration list for PBXProject "NocimaApp" */;
			compatibilityVersion = "Xcode 3.2";
			developmentRegion = English;
			hasScannedForEncodings = 0;
			knownRegions = (
				en,
				Base,
			);
			mainGroup = 076638761CED0F0E001A8AE1;
			productRefGroup = 076638801CED0F0E001A8AE1 /* Products */;
			projectDirPath = "";
			projectRoot = "";
			targets = (
				0766387E1CED0F0E001A8AE1 /* NocimaApp */,
				076638951CED0F0E001A8AE1 /* NocimaAppTests */,
				076638A01CED0F0E001A8AE1 /* NocimaAppUITests */,
			);
		};
/* End PBXProject section */

/* Begin PBXResourcesBuildPhase section */
		0766387D1CED0F0E001A8AE1 /* Resources */ = {
			isa = PBXResourcesBuildPhase;
			buildActionMask = 2147483647;
			files = (
				076638901CED0F0E001A8AE1 /* LaunchScreen.storyboard in Resources */,
				0766388D1CED0F0E001A8AE1 /* Assets.xcassets in Resources */,
				076D400D1CEE626000F63275 /* SourceSansPro-Semibold.ttf in Resources */,
				076638881CED0F0E001A8AE1 /* Main.storyboard in Resources */,
				076D400B1CEE626000F63275 /* SourceSansPro-Light.ttf in Resources */,
				076D400A1CEE626000F63275 /* SourceSansPro-Bold.ttf in Resources */,
				076D400C1CEE626000F63275 /* SourceSansPro-Regular.ttf in Resources */,
			);
			runOnlyForDeploymentPostprocessing = 0;
		};
		076638941CED0F0E001A8AE1 /* Resources */ = {
			isa = PBXResourcesBuildPhase;
			buildActionMask = 2147483647;
			files = (
			);
			runOnlyForDeploymentPostprocessing = 0;
		};
		0766389F1CED0F0E001A8AE1 /* Resources */ = {
			isa = PBXResourcesBuildPhase;
			buildActionMask = 2147483647;
			files = (
			);
			runOnlyForDeploymentPostprocessing = 0;
		};
/* End PBXResourcesBuildPhase section */

/* Begin PBXShellScriptBuildPhase section */
		07E05CA51CF33B0800B4AF28 /* Crashlytics */ = {
			isa = PBXShellScriptBuildPhase;
			buildActionMask = 2147483647;
			files = (
			);
			inputPaths = (
			);
			name = Crashlytics;
			outputPaths = (
			);
			runOnlyForDeploymentPostprocessing = 0;
			shellPath = /bin/sh;
			shellScript = "./Fabric.framework/run 92593381ff86078cfcda30d607ae90847a3f1725 368374a0110f81a93ffa0911ca623bb8bef15edca3d31d0ba188b5908f12684d";
		};
		07F711611D05D7EE0099D342 /* Auto Build Version */ = {
			isa = PBXShellScriptBuildPhase;
			buildActionMask = 2147483647;
			files = (
			);
			inputPaths = (
			);
			name = "Auto Build Version";
			outputPaths = (
			);
			runOnlyForDeploymentPostprocessing = 0;
			shellPath = /bin/sh;
			shellScript = "# xcode-build-bump.sh\n# @desc Auto-increment the build number every time the project is run.\n# @usage\n# 1. Select: your Target in Xcode\n# 2. Select: Build Phases Tab\n# 3. Select: Add Build Phase -> Add Run Script\n# 4. Paste code below in to new \"Run Script\" section\n# 5. Drag the \"Run Script\" below \"Link Binaries With Libraries\"\n# 6. Insure that your starting build number is set to a whole integer and not a float (e.g. 1, not 1.0)\n\nbuildNumber=$(/usr/libexec/PlistBuddy -c \"Print CFBundleVersion\" \"${PROJECT_DIR}/${INFOPLIST_FILE}\")\nbuildNumber=$(($buildNumber + 1))\n/usr/libexec/PlistBuddy -c \"Set :CFBundleVersion $buildNumber\" \"${PROJECT_DIR}/${INFOPLIST_FILE}\"";
		};
		268B9DEACC9E2BC31CE24929 /* [CP] Check Pods Manifest.lock */ = {
			isa = PBXShellScriptBuildPhase;
			buildActionMask = 2147483647;
			files = (
			);
			inputPaths = (
			);
			name = "[CP] Check Pods Manifest.lock";
			outputPaths = (
			);
			runOnlyForDeploymentPostprocessing = 0;
			shellPath = /bin/sh;
			shellScript = "diff \"${PODS_ROOT}/../Podfile.lock\" \"${PODS_ROOT}/Manifest.lock\" > /dev/null\nif [[ $? != 0 ]] ; then\n    cat << EOM\nerror: The sandbox is not in sync with the Podfile.lock. Run 'pod install' or update your CocoaPods installation.\nEOM\n    exit 1\nfi\n";
			showEnvVarsInLog = 0;
		};
		30C0D419A7077A338E423616 /* [CP] Copy Pods Resources */ = {
			isa = PBXShellScriptBuildPhase;
			buildActionMask = 2147483647;
			files = (
			);
			inputPaths = (
			);
			name = "[CP] Copy Pods Resources";
			outputPaths = (
			);
			runOnlyForDeploymentPostprocessing = 0;
			shellPath = /bin/sh;
			shellScript = "\"${SRCROOT}/Pods/Target Support Files/Pods-NocimaApp/Pods-NocimaApp-resources.sh\"\n";
			showEnvVarsInLog = 0;
		};
		61DFE5F3E34A852C4E29578F /* Embed Pods Frameworks */ = {
			isa = PBXShellScriptBuildPhase;
			buildActionMask = 2147483647;
			files = (
			);
			inputPaths = (
			);
			name = "Embed Pods Frameworks";
			outputPaths = (
			);
			runOnlyForDeploymentPostprocessing = 0;
			shellPath = /bin/sh;
			shellScript = "\"${SRCROOT}/Pods/Target Support Files/Pods-NocimaApp/Pods-NocimaApp-frameworks.sh\"\n";
			showEnvVarsInLog = 0;
		};
		B3BD475DE59B6AAB590A6314 /* [CP] Check Pods Manifest.lock */ = {
			isa = PBXShellScriptBuildPhase;
			buildActionMask = 2147483647;
			files = (
			);
			inputPaths = (
			);
			name = "[CP] Check Pods Manifest.lock";
			outputPaths = (
			);
			runOnlyForDeploymentPostprocessing = 0;
			shellPath = /bin/sh;
			shellScript = "diff \"${PODS_ROOT}/../Podfile.lock\" \"${PODS_ROOT}/Manifest.lock\" > /dev/null\nif [[ $? != 0 ]] ; then\n    cat << EOM\nerror: The sandbox is not in sync with the Podfile.lock. Run 'pod install' or update your CocoaPods installation.\nEOM\n    exit 1\nfi\n";
			showEnvVarsInLog = 0;
		};
		BC6D628A0CC19E5F9F845925 /* Copy Pods Resources */ = {
			isa = PBXShellScriptBuildPhase;
			buildActionMask = 2147483647;
			files = (
			);
			inputPaths = (
			);
			name = "Copy Pods Resources";
			outputPaths = (
			);
			runOnlyForDeploymentPostprocessing = 0;
			shellPath = /bin/sh;
			shellScript = "\"${SRCROOT}/Pods/Target Support Files/Pods-NocimaApp/Pods-NocimaApp-resources.sh\"\n";
			showEnvVarsInLog = 0;
		};
		FEC2AF560304B9BE12BA5AA6 /* [CP] Embed Pods Frameworks */ = {
			isa = PBXShellScriptBuildPhase;
			buildActionMask = 2147483647;
			files = (
			);
			inputPaths = (
			);
			name = "[CP] Embed Pods Frameworks";
			outputPaths = (
			);
			runOnlyForDeploymentPostprocessing = 0;
			shellPath = /bin/sh;
			shellScript = "\"${SRCROOT}/Pods/Target Support Files/Pods-NocimaApp/Pods-NocimaApp-frameworks.sh\"\n";
			showEnvVarsInLog = 0;
		};
/* End PBXShellScriptBuildPhase section */

/* Begin PBXSourcesBuildPhase section */
		0766387B1CED0F0E001A8AE1 /* Sources */ = {
			isa = PBXSourcesBuildPhase;
			buildActionMask = 2147483647;
			files = (
				07A014201D2B2F9700DC62B6 /* DataHelper.swift in Sources */,
				07AB57AA1D27CAB30022586C /* DateHelper.swift in Sources */,
				076638851CED0F0E001A8AE1 /* ViewController.swift in Sources */,
				076D400F1CEE62BB00F63275 /* LoginViewController.swift in Sources */,
				07003AF91D02B99A0083AC5F /* MessagesViewController.swift in Sources */,
				07B8BEFF1CFAF48300BF2E58 /* SettingsViewController.swift in Sources */,
				07B8BEF81CFA55D300BF2E58 /* NavigationView.swift in Sources */,
				0776C9DA1D2402A800F76BA0 /* WelcomeViewController.swift in Sources */,
				076638831CED0F0E001A8AE1 /* AppDelegate.swift in Sources */,
				07F7115E1D04D0500099D342 /* TisprCardStackViewController.swift in Sources */,
				07FE8F171CF9CDD70029DE52 /* MenuViewController.swift in Sources */,
				07B8BF011CFAF4BE00BF2E58 /* MyProfileViewController.swift in Sources */,
				0766388B1CED0F0E001A8AE1 /* NocimaApp.xcdatamodeld in Sources */,
				07B8BEFC1CFA85F100BF2E58 /* MenuCell.swift in Sources */,
				0736DE071D273F6C004FDE7B /* UserChatListCell.swift in Sources */,
				07F7115A1D04D03E0099D342 /* TisprCardStackViewLayout.swift in Sources */,
				07B8BEFA1CFA780600BF2E58 /* MainViewController.swift in Sources */,
				079FECC01CF766BC00293141 /* LocationViewController.swift in Sources */,
				07E05CA41CF296A900B4AF28 /* LikeViewController.swift in Sources */,
				07F7115D1D04D0500099D342 /* TisprCardStackViewCell.swift in Sources */,
				07BBCCB41D09AB6700E1D7B4 /* NotificationHelper.swift in Sources */,
				07F711601D04D0FB0099D342 /* LikeDislikeCollectionViewCell.swift in Sources */,
				071555D21D2832AB003039CF /* UserEntity.swift in Sources */,
				075EE16E1D1F39CC006E853F /* MatchViewController.swift in Sources */,
				07B4E8B21D11BC13007A5981 /* ChatViewController.swift in Sources */,
				070300BD1D1C6CDA000B2B57 /* PendingActivationViewController.swift in Sources */,
				07F3F20E1D06B958005F1BDE /* APIClient.swift in Sources */,
			);
			runOnlyForDeploymentPostprocessing = 0;
		};
		076638921CED0F0E001A8AE1 /* Sources */ = {
			isa = PBXSourcesBuildPhase;
			buildActionMask = 2147483647;
			files = (
				0766389B1CED0F0E001A8AE1 /* NocimaAppTests.swift in Sources */,
			);
			runOnlyForDeploymentPostprocessing = 0;
		};
		0766389D1CED0F0E001A8AE1 /* Sources */ = {
			isa = PBXSourcesBuildPhase;
			buildActionMask = 2147483647;
			files = (
				076638A61CED0F0E001A8AE1 /* NocimaAppUITests.swift in Sources */,
			);
			runOnlyForDeploymentPostprocessing = 0;
		};
/* End PBXSourcesBuildPhase section */

/* Begin PBXTargetDependency section */
		076638981CED0F0E001A8AE1 /* PBXTargetDependency */ = {
			isa = PBXTargetDependency;
			target = 0766387E1CED0F0E001A8AE1 /* NocimaApp */;
			targetProxy = 076638971CED0F0E001A8AE1 /* PBXContainerItemProxy */;
		};
		076638A31CED0F0E001A8AE1 /* PBXTargetDependency */ = {
			isa = PBXTargetDependency;
			target = 0766387E1CED0F0E001A8AE1 /* NocimaApp */;
			targetProxy = 076638A21CED0F0E001A8AE1 /* PBXContainerItemProxy */;
		};
/* End PBXTargetDependency section */

/* Begin PBXVariantGroup section */
		076638861CED0F0E001A8AE1 /* Main.storyboard */ = {
			isa = PBXVariantGroup;
			children = (
				076638871CED0F0E001A8AE1 /* Base */,
			);
			name = Main.storyboard;
			sourceTree = "<group>";
		};
		0766388E1CED0F0E001A8AE1 /* LaunchScreen.storyboard */ = {
			isa = PBXVariantGroup;
			children = (
				0766388F1CED0F0E001A8AE1 /* Base */,
			);
			name = LaunchScreen.storyboard;
			sourceTree = "<group>";
		};
/* End PBXVariantGroup section */

/* Begin XCBuildConfiguration section */
		076638A81CED0F0E001A8AE1 /* Debug */ = {
			isa = XCBuildConfiguration;
			buildSettings = {
				ALWAYS_SEARCH_USER_PATHS = NO;
				CLANG_ANALYZER_NONNULL = YES;
				CLANG_CXX_LANGUAGE_STANDARD = "gnu++0x";
				CLANG_CXX_LIBRARY = "libc++";
				CLANG_ENABLE_MODULES = YES;
				CLANG_ENABLE_OBJC_ARC = YES;
				CLANG_WARN_BOOL_CONVERSION = YES;
				CLANG_WARN_CONSTANT_CONVERSION = YES;
				CLANG_WARN_DIRECT_OBJC_ISA_USAGE = YES_ERROR;
				CLANG_WARN_EMPTY_BODY = YES;
				CLANG_WARN_ENUM_CONVERSION = YES;
				CLANG_WARN_INT_CONVERSION = YES;
				CLANG_WARN_OBJC_ROOT_CLASS = YES_ERROR;
				CLANG_WARN_UNREACHABLE_CODE = YES;
				CLANG_WARN__DUPLICATE_METHOD_MATCH = YES;
				"CODE_SIGN_IDENTITY[sdk=iphoneos*]" = "iPhone Developer";
				COPY_PHASE_STRIP = NO;
				DEBUG_INFORMATION_FORMAT = dwarf;
				ENABLE_STRICT_OBJC_MSGSEND = YES;
				ENABLE_TESTABILITY = YES;
				GCC_C_LANGUAGE_STANDARD = gnu99;
				GCC_DYNAMIC_NO_PIC = NO;
				GCC_NO_COMMON_BLOCKS = YES;
				GCC_OPTIMIZATION_LEVEL = 0;
				GCC_PREPROCESSOR_DEFINITIONS = (
					"DEBUG=1",
					"$(inherited)",
				);
				GCC_WARN_64_TO_32_BIT_CONVERSION = YES;
				GCC_WARN_ABOUT_RETURN_TYPE = YES_ERROR;
				GCC_WARN_UNDECLARED_SELECTOR = YES;
				GCC_WARN_UNINITIALIZED_AUTOS = YES_AGGRESSIVE;
				GCC_WARN_UNUSED_FUNCTION = YES;
				GCC_WARN_UNUSED_VARIABLE = YES;
				IPHONEOS_DEPLOYMENT_TARGET = 8.0;
				MTL_ENABLE_DEBUG_INFO = YES;
				ONLY_ACTIVE_ARCH = YES;
				SDKROOT = iphoneos;
				SWIFT_OPTIMIZATION_LEVEL = "-Onone";
			};
			name = Debug;
		};
		076638A91CED0F0E001A8AE1 /* Release */ = {
			isa = XCBuildConfiguration;
			buildSettings = {
				ALWAYS_SEARCH_USER_PATHS = NO;
				CLANG_ANALYZER_NONNULL = YES;
				CLANG_CXX_LANGUAGE_STANDARD = "gnu++0x";
				CLANG_CXX_LIBRARY = "libc++";
				CLANG_ENABLE_MODULES = YES;
				CLANG_ENABLE_OBJC_ARC = YES;
				CLANG_WARN_BOOL_CONVERSION = YES;
				CLANG_WARN_CONSTANT_CONVERSION = YES;
				CLANG_WARN_DIRECT_OBJC_ISA_USAGE = YES_ERROR;
				CLANG_WARN_EMPTY_BODY = YES;
				CLANG_WARN_ENUM_CONVERSION = YES;
				CLANG_WARN_INT_CONVERSION = YES;
				CLANG_WARN_OBJC_ROOT_CLASS = YES_ERROR;
				CLANG_WARN_UNREACHABLE_CODE = YES;
				CLANG_WARN__DUPLICATE_METHOD_MATCH = YES;
				"CODE_SIGN_IDENTITY[sdk=iphoneos*]" = "iPhone Developer: Predrag Jevtic (T2SVJB826P)";
				COPY_PHASE_STRIP = NO;
				DEBUG_INFORMATION_FORMAT = "dwarf-with-dsym";
				ENABLE_NS_ASSERTIONS = NO;
				ENABLE_STRICT_OBJC_MSGSEND = YES;
				GCC_C_LANGUAGE_STANDARD = gnu99;
				GCC_NO_COMMON_BLOCKS = YES;
				GCC_WARN_64_TO_32_BIT_CONVERSION = YES;
				GCC_WARN_ABOUT_RETURN_TYPE = YES_ERROR;
				GCC_WARN_UNDECLARED_SELECTOR = YES;
				GCC_WARN_UNINITIALIZED_AUTOS = YES_AGGRESSIVE;
				GCC_WARN_UNUSED_FUNCTION = YES;
				GCC_WARN_UNUSED_VARIABLE = YES;
				IPHONEOS_DEPLOYMENT_TARGET = 8.0;
				MTL_ENABLE_DEBUG_INFO = NO;
				SDKROOT = iphoneos;
				VALIDATE_PRODUCT = YES;
			};
			name = Release;
		};
		076638AB1CED0F0E001A8AE1 /* Debug */ = {
			isa = XCBuildConfiguration;
			baseConfigurationReference = AB99AA346DFD057749370FA3 /* Pods-NocimaApp.debug.xcconfig */;
			buildSettings = {
				ALWAYS_EMBED_SWIFT_STANDARD_LIBRARIES = YES;
				ASSETCATALOG_COMPILER_APPICON_NAME = AppIcon;
				CLANG_ALLOW_NON_MODULAR_INCLUDES_IN_FRAMEWORK_MODULES = YES;
				CLANG_ENABLE_MODULES = YES;
				CODE_SIGN_IDENTITY = "iPhone Developer";
				"CODE_SIGN_IDENTITY[sdk=iphoneos*]" = "iPhone Developer";
				DEBUG_INFORMATION_FORMAT = "dwarf-with-dsym";
				FRAMEWORK_SEARCH_PATHS = (
					"$(inherited)",
					"$(PROJECT_DIR)/Frameworks",
					"$(PROJECT_DIR)/Pods/Fabric",
				);
				INFOPLIST_FILE = NocimaApp/Info.plist;
				IPHONEOS_DEPLOYMENT_TARGET = 8.0;
				LD_RUNPATH_SEARCH_PATHS = "$(inherited) @executable_path/Frameworks";
				OTHER_SWIFT_FLAGS = "$(inherited) \"-D\" \"COCOAPODS\" -Xfrontend -debug-time-function-bodies";
				PRODUCT_BUNDLE_IDENTIFIER = com.nocima.nocima;
				PRODUCT_NAME = "$(TARGET_NAME)";
				PROVISIONING_PROFILE = "";
				SWIFT_VERSION = 2.3;
				VERSIONING_SYSTEM = "";
			};
			name = Debug;
		};
		076638AC1CED0F0E001A8AE1 /* Release */ = {
			isa = XCBuildConfiguration;
			baseConfigurationReference = AEEBDF8AF33174B92B4556E6 /* Pods-NocimaApp.release.xcconfig */;
			buildSettings = {
				ALWAYS_EMBED_SWIFT_STANDARD_LIBRARIES = YES;
				ASSETCATALOG_COMPILER_APPICON_NAME = AppIcon;
				CLANG_ALLOW_NON_MODULAR_INCLUDES_IN_FRAMEWORK_MODULES = YES;
				CLANG_ENABLE_MODULES = YES;
				CODE_SIGN_IDENTITY = "";
				"CODE_SIGN_IDENTITY[sdk=iphoneos*]" = "iPhone Distribution";
				FRAMEWORK_SEARCH_PATHS = (
					"$(inherited)",
					"$(PROJECT_DIR)/Frameworks",
					"$(PROJECT_DIR)/Pods/Fabric",
				);
				INFOPLIST_FILE = NocimaApp/Info.plist;
				IPHONEOS_DEPLOYMENT_TARGET = 8.0;
				LD_RUNPATH_SEARCH_PATHS = "$(inherited) @executable_path/Frameworks";
				PRODUCT_BUNDLE_IDENTIFIER = com.nocima.nocima;
				PRODUCT_NAME = "$(TARGET_NAME)";
				PROVISIONING_PROFILE = "";
				PROVISIONING_PROFILE_SPECIFIER = "";
				SWIFT_OPTIMIZATION_LEVEL = "-Owholemodule";
				SWIFT_VERSION = 2.3;
				VERSIONING_SYSTEM = "";
			};
			name = Release;
		};
		076638AE1CED0F0E001A8AE1 /* Debug */ = {
			isa = XCBuildConfiguration;
			buildSettings = {
				BUNDLE_LOADER = "$(TEST_HOST)";
				INFOPLIST_FILE = NocimaAppTests/Info.plist;
				LD_RUNPATH_SEARCH_PATHS = "$(inherited) @executable_path/Frameworks @loader_path/Frameworks";
				PRODUCT_BUNDLE_IDENTIFIER = net.designbyheart.NocimaAppTests;
				PRODUCT_NAME = "$(TARGET_NAME)";
				PROVISIONING_PROFILE_SPECIFIER = 43E5B5CSA6/;
				SWIFT_VERSION = 3.0;
				TEST_HOST = "$(BUILT_PRODUCTS_DIR)/NocimaApp.app/NocimaApp";
			};
			name = Debug;
		};
		076638AF1CED0F0E001A8AE1 /* Release */ = {
			isa = XCBuildConfiguration;
			buildSettings = {
				BUNDLE_LOADER = "$(TEST_HOST)";
				INFOPLIST_FILE = NocimaAppTests/Info.plist;
				LD_RUNPATH_SEARCH_PATHS = "$(inherited) @executable_path/Frameworks @loader_path/Frameworks";
				PRODUCT_BUNDLE_IDENTIFIER = net.designbyheart.NocimaAppTests;
				PRODUCT_NAME = "$(TARGET_NAME)";
				SWIFT_OPTIMIZATION_LEVEL = "-Owholemodule";
				SWIFT_VERSION = 3.0;
				TEST_HOST = "$(BUILT_PRODUCTS_DIR)/NocimaApp.app/NocimaApp";
			};
			name = Release;
		};
		076638B11CED0F0E001A8AE1 /* Debug */ = {
			isa = XCBuildConfiguration;
			buildSettings = {
				"CODE_SIGN_IDENTITY[sdk=iphoneos*]" = "iPhone Developer";
				INFOPLIST_FILE = NocimaAppUITests/Info.plist;
				LD_RUNPATH_SEARCH_PATHS = "$(inherited) @executable_path/Frameworks @loader_path/Frameworks";
				OTHER_LDFLAGS = "-ObjC";
				PRODUCT_BUNDLE_IDENTIFIER = net.designbyheart.NocimaAppUITests;
				PRODUCT_NAME = "$(TARGET_NAME)";
				SWIFT_VERSION = 3.0;
				TEST_TARGET_NAME = NocimaApp;
			};
			name = Debug;
		};
		076638B21CED0F0E001A8AE1 /* Release */ = {
			isa = XCBuildConfiguration;
			buildSettings = {
				"CODE_SIGN_IDENTITY[sdk=iphoneos*]" = "iPhone Distribution";
				INFOPLIST_FILE = NocimaAppUITests/Info.plist;
				LD_RUNPATH_SEARCH_PATHS = "$(inherited) @executable_path/Frameworks @loader_path/Frameworks";
				OTHER_LDFLAGS = "-ObjC";
				PRODUCT_BUNDLE_IDENTIFIER = net.designbyheart.NocimaAppUITests;
				PRODUCT_NAME = "$(TARGET_NAME)";
				SWIFT_OPTIMIZATION_LEVEL = "-Owholemodule";
				SWIFT_VERSION = 3.0;
				TEST_TARGET_NAME = NocimaApp;
			};
			name = Release;
		};
/* End XCBuildConfiguration section */

/* Begin XCConfigurationList section */
		0766387A1CED0F0E001A8AE1 /* Build configuration list for PBXProject "NocimaApp" */ = {
			isa = XCConfigurationList;
			buildConfigurations = (
				076638A81CED0F0E001A8AE1 /* Debug */,
				076638A91CED0F0E001A8AE1 /* Release */,
			);
			defaultConfigurationIsVisible = 0;
			defaultConfigurationName = Release;
		};
		076638AA1CED0F0E001A8AE1 /* Build configuration list for PBXNativeTarget "NocimaApp" */ = {
			isa = XCConfigurationList;
			buildConfigurations = (
				076638AB1CED0F0E001A8AE1 /* Debug */,
				076638AC1CED0F0E001A8AE1 /* Release */,
			);
			defaultConfigurationIsVisible = 0;
			defaultConfigurationName = Release;
		};
		076638AD1CED0F0E001A8AE1 /* Build configuration list for PBXNativeTarget "NocimaAppTests" */ = {
			isa = XCConfigurationList;
			buildConfigurations = (
				076638AE1CED0F0E001A8AE1 /* Debug */,
				076638AF1CED0F0E001A8AE1 /* Release */,
			);
			defaultConfigurationIsVisible = 0;
			defaultConfigurationName = Release;
		};
		076638B01CED0F0E001A8AE1 /* Build configuration list for PBXNativeTarget "NocimaAppUITests" */ = {
			isa = XCConfigurationList;
			buildConfigurations = (
				076638B11CED0F0E001A8AE1 /* Debug */,
				076638B21CED0F0E001A8AE1 /* Release */,
			);
			defaultConfigurationIsVisible = 0;
			defaultConfigurationName = Release;
		};
/* End XCConfigurationList section */

/* Begin XCVersionGroup section */
		076638891CED0F0E001A8AE1 /* NocimaApp.xcdatamodeld */ = {
			isa = XCVersionGroup;
			children = (
				0766388A1CED0F0E001A8AE1 /* NocimaApp.xcdatamodel */,
			);
			currentVersion = 0766388A1CED0F0E001A8AE1 /* NocimaApp.xcdatamodel */;
			path = NocimaApp.xcdatamodeld;
			sourceTree = "<group>";
			versionGroupType = wrapper.xcdatamodel;
		};
/* End XCVersionGroup section */
	};
	rootObject = 076638771CED0F0E001A8AE1 /* Project object */;
}
